// !$*UTF8*$!
{
	archiveVersion = 1;
	classes = {
	};
	objectVersion = 55;
	objects = {

/* Begin PBXBuildFile section */
		74ED60C0286593E50008B57C /* Assets.xcassets in Resources */ = {isa = PBXBuildFile; fileRef = 74ED60B7286593E50008B57C /* Assets.xcassets */; };
		74ED60C1286593E50008B57C /* LaunchScreen.storyboard in Resources */ = {isa = PBXBuildFile; fileRef = 74ED60B8286593E50008B57C /* LaunchScreen.storyboard */; };
		74ED60C2286593E50008B57C /* AppDelegate.swift in Sources */ = {isa = PBXBuildFile; fileRef = 74ED60BA286593E50008B57C /* AppDelegate.swift */; };
		74ED60C3286593E50008B57C /* SceneDelegate.swift in Sources */ = {isa = PBXBuildFile; fileRef = 74ED60BB286593E50008B57C /* SceneDelegate.swift */; };
		74ED60C4286593E50008B57C /* Total properties.swift in Sources */ = {isa = PBXBuildFile; fileRef = 74ED60BD286593E50008B57C /* Total properties.swift */; };
		74ED60C5286593E50008B57C /* TabBarController.swift in Sources */ = {isa = PBXBuildFile; fileRef = 74ED60BE286593E50008B57C /* TabBarController.swift */; };
		74ED60C6286593E50008B57C /* Identifier.swift in Sources */ = {isa = PBXBuildFile; fileRef = 74ED60BF286593E50008B57C /* Identifier.swift */; };
		74ED60CA286594370008B57C /* ViewController.swift in Sources */ = {isa = PBXBuildFile; fileRef = 74ED60C9286594370008B57C /* ViewController.swift */; };
		74ED60D0286594E00008B57C /* Day.swift in Sources */ = {isa = PBXBuildFile; fileRef = 74ED60CD286594E00008B57C /* Day.swift */; };
		74ED60D1286594E00008B57C /* Objecs of model.swift in Sources */ = {isa = PBXBuildFile; fileRef = 74ED60CE286594E00008B57C /* Objecs of model.swift */; };
		74ED60D2286594E00008B57C /* Data Manager.swift in Sources */ = {isa = PBXBuildFile; fileRef = 74ED60CF286594E00008B57C /* Data Manager.swift */; };
		74ED60D8286594F10008B57C /* Extension TaskCell.swift in Sources */ = {isa = PBXBuildFile; fileRef = 74ED60D3286594F10008B57C /* Extension TaskCell.swift */; };
		74ED60D9286594F10008B57C /* Extension TableView.swift in Sources */ = {isa = PBXBuildFile; fileRef = 74ED60D4286594F10008B57C /* Extension TableView.swift */; };
		74ED60DA286594F10008B57C /* TaskCell.swift in Sources */ = {isa = PBXBuildFile; fileRef = 74ED60D5286594F10008B57C /* TaskCell.swift */; };
		74ED60DB286594F10008B57C /* Extension Keyboard.swift in Sources */ = {isa = PBXBuildFile; fileRef = 74ED60D6286594F10008B57C /* Extension Keyboard.swift */; };
		74ED60DC286594F10008B57C /* Extension time tasks.swift in Sources */ = {isa = PBXBuildFile; fileRef = 74ED60D7286594F10008B57C /* Extension time tasks.swift */; };
		74ED60DE286594FA0008B57C /* Archive.swift in Sources */ = {isa = PBXBuildFile; fileRef = 74ED60DD286594FA0008B57C /* Archive.swift */; };
/* End PBXBuildFile section */

/* Begin PBXFileReference section */
		74AC63DA2843C6EB00CAE0F5 /* SeTime.app */ = {isa = PBXFileReference; explicitFileType = wrapper.application; includeInIndex = 0; path = SeTime.app; sourceTree = BUILT_PRODUCTS_DIR; };
		74AC63EB2843C6EC00CAE0F5 /* Info.plist */ = {isa = PBXFileReference; lastKnownFileType = text.plist.xml; path = Info.plist; sourceTree = "<group>"; };
		74ED60B7286593E50008B57C /* Assets.xcassets */ = {isa = PBXFileReference; lastKnownFileType = folder.assetcatalog; path = Assets.xcassets; sourceTree = "<group>"; };
		74ED60B9286593E50008B57C /* Base */ = {isa = PBXFileReference; lastKnownFileType = file.storyboard; name = Base; path = Base.lproj/LaunchScreen.storyboard; sourceTree = "<group>"; };
		74ED60BA286593E50008B57C /* AppDelegate.swift */ = {isa = PBXFileReference; fileEncoding = 4; lastKnownFileType = sourcecode.swift; path = AppDelegate.swift; sourceTree = "<group>"; };
		74ED60BB286593E50008B57C /* SceneDelegate.swift */ = {isa = PBXFileReference; fileEncoding = 4; lastKnownFileType = sourcecode.swift; path = SceneDelegate.swift; sourceTree = "<group>"; };
		74ED60BD286593E50008B57C /* Total properties.swift */ = {isa = PBXFileReference; fileEncoding = 4; lastKnownFileType = sourcecode.swift; path = "Total properties.swift"; sourceTree = "<group>"; };
		74ED60BE286593E50008B57C /* TabBarController.swift */ = {isa = PBXFileReference; fileEncoding = 4; lastKnownFileType = sourcecode.swift; path = TabBarController.swift; sourceTree = "<group>"; };
		74ED60BF286593E50008B57C /* Identifier.swift */ = {isa = PBXFileReference; fileEncoding = 4; lastKnownFileType = sourcecode.swift; path = Identifier.swift; sourceTree = "<group>"; };
		74ED60C9286594370008B57C /* ViewController.swift */ = {isa = PBXFileReference; fileEncoding = 4; lastKnownFileType = sourcecode.swift; path = ViewController.swift; sourceTree = "<group>"; };
		74ED60CD286594E00008B57C /* Day.swift */ = {isa = PBXFileReference; fileEncoding = 4; lastKnownFileType = sourcecode.swift; path = Day.swift; sourceTree = "<group>"; };
		74ED60CE286594E00008B57C /* Objecs of model.swift */ = {isa = PBXFileReference; fileEncoding = 4; lastKnownFileType = sourcecode.swift; path = "Objecs of model.swift"; sourceTree = "<group>"; };
		74ED60CF286594E00008B57C /* Data Manager.swift */ = {isa = PBXFileReference; fileEncoding = 4; lastKnownFileType = sourcecode.swift; path = "Data Manager.swift"; sourceTree = "<group>"; };
		74ED60D3286594F10008B57C /* Extension TaskCell.swift */ = {isa = PBXFileReference; fileEncoding = 4; lastKnownFileType = sourcecode.swift; path = "Extension TaskCell.swift"; sourceTree = "<group>"; };
		74ED60D4286594F10008B57C /* Extension TableView.swift */ = {isa = PBXFileReference; fileEncoding = 4; lastKnownFileType = sourcecode.swift; path = "Extension TableView.swift"; sourceTree = "<group>"; };
		74ED60D5286594F10008B57C /* TaskCell.swift */ = {isa = PBXFileReference; fileEncoding = 4; lastKnownFileType = sourcecode.swift; path = TaskCell.swift; sourceTree = "<group>"; };
		74ED60D6286594F10008B57C /* Extension Keyboard.swift */ = {isa = PBXFileReference; fileEncoding = 4; lastKnownFileType = sourcecode.swift; path = "Extension Keyboard.swift"; sourceTree = "<group>"; };
		74ED60D7286594F10008B57C /* Extension time tasks.swift */ = {isa = PBXFileReference; fileEncoding = 4; lastKnownFileType = sourcecode.swift; path = "Extension time tasks.swift"; sourceTree = "<group>"; };
		74ED60DD286594FA0008B57C /* Archive.swift */ = {isa = PBXFileReference; fileEncoding = 4; lastKnownFileType = sourcecode.swift; path = Archive.swift; sourceTree = "<group>"; };
/* End PBXFileReference section */

/* Begin PBXFrameworksBuildPhase section */
		74AC63D72843C6EB00CAE0F5 /* Frameworks */ = {
			isa = PBXFrameworksBuildPhase;
			buildActionMask = 2147483647;
			files = (
			);
			runOnlyForDeploymentPostprocessing = 0;
		};
/* End PBXFrameworksBuildPhase section */

/* Begin PBXGroup section */
		74AC63D12843C6EB00CAE0F5 = {
			isa = PBXGroup;
			children = (
				74AC63DC2843C6EB00CAE0F5 /* SeTime */,
				74AC63DB2843C6EB00CAE0F5 /* Products */,
			);
			sourceTree = "<group>";
		};
		74AC63DB2843C6EB00CAE0F5 /* Products */ = {
			isa = PBXGroup;
			children = (
				74AC63DA2843C6EB00CAE0F5 /* SeTime.app */,
			);
			name = Products;
			sourceTree = "<group>";
		};
		74AC63DC2843C6EB00CAE0F5 /* SeTime */ = {
			isa = PBXGroup;
			children = (
				74ED60B6286593E50008B57C /* System */,
				74ED60BC286593E50008B57C /* Global files */,
				74ED60C7286594370008B57C /* Main screen */,
				74ED60B2286593E50008B57C /* Calendar screen */,
				74AC63EB2843C6EC00CAE0F5 /* Info.plist */,
			);
			path = SeTime;
			sourceTree = "<group>";
		};
		74ED60B2286593E50008B57C /* Calendar screen */ = {
			isa = PBXGroup;
			children = (
				74ED60B5286593E50008B57C /* Veiw */,
				74ED60B3286593E50008B57C /* Controller */,
				74ED60B4286593E50008B57C /* Model */,
			);
			path = "Calendar screen";
			sourceTree = "<group>";
		};
		74ED60B3286593E50008B57C /* Controller */ = {
			isa = PBXGroup;
			children = (
			);
			path = Controller;
			sourceTree = "<group>";
		};
		74ED60B4286593E50008B57C /* Model */ = {
			isa = PBXGroup;
			children = (
			);
			path = Model;
			sourceTree = "<group>";
		};
		74ED60B5286593E50008B57C /* Veiw */ = {
			isa = PBXGroup;
			children = (
			);
			path = Veiw;
			sourceTree = "<group>";
		};
		74ED60B6286593E50008B57C /* System */ = {
			isa = PBXGroup;
			children = (
				74ED60BA286593E50008B57C /* AppDelegate.swift */,
				74ED60BB286593E50008B57C /* SceneDelegate.swift */,
				74ED60B8286593E50008B57C /* LaunchScreen.storyboard */,
				74ED60B7286593E50008B57C /* Assets.xcassets */,
			);
			path = System;
			sourceTree = "<group>";
		};
		74ED60BC286593E50008B57C /* Global files */ = {
			isa = PBXGroup;
			children = (
				74ED60BD286593E50008B57C /* Total properties.swift */,
				74ED60BE286593E50008B57C /* TabBarController.swift */,
				74ED60BF286593E50008B57C /* Identifier.swift */,
			);
			path = "Global files";
			sourceTree = "<group>";
		};
		74ED60C7286594370008B57C /* Main screen */ = {
			isa = PBXGroup;
			children = (
				74ED60C8286594370008B57C /* View */,
				74ED60CC286594C10008B57C /* Controller */,
				74ED60CB286594C10008B57C /* Model */,
			);
			path = "Main screen";
			sourceTree = "<group>";
		};
		74ED60C8286594370008B57C /* View */ = {
			isa = PBXGroup;
			children = (
				74ED60C9286594370008B57C /* ViewController.swift */,
				74ED60D5286594F10008B57C /* TaskCell.swift */,
			);
			path = View;
			sourceTree = "<group>";
		};
		74ED60CB286594C10008B57C /* Model */ = {
			isa = PBXGroup;
			children = (
				74ED60CE286594E00008B57C /* Objecs of model.swift */,
				74ED60CF286594E00008B57C /* Data Manager.swift */,
				74ED60CD286594E00008B57C /* Day.swift */,
				74ED60DD286594FA0008B57C /* Archive.swift */,
			);
			path = Model;
			sourceTree = "<group>";
		};
		74ED60CC286594C10008B57C /* Controller */ = {
			isa = PBXGroup;
			children = (
				74ED60D7286594F10008B57C /* Extension time tasks.swift */,
				74ED60D4286594F10008B57C /* Extension TableView.swift */,
				74ED60D3286594F10008B57C /* Extension TaskCell.swift */,
				74ED60D6286594F10008B57C /* Extension Keyboard.swift */,
			);
			path = Controller;
			sourceTree = "<group>";
		};
/* End PBXGroup section */

/* Begin PBXNativeTarget section */
		74AC63D92843C6EB00CAE0F5 /* SeTime */ = {
			isa = PBXNativeTarget;
			buildConfigurationList = 74AC63EE2843C6EC00CAE0F5 /* Build configuration list for PBXNativeTarget "SeTime" */;
			buildPhases = (
				74AC63D62843C6EB00CAE0F5 /* Sources */,
				74AC63D72843C6EB00CAE0F5 /* Frameworks */,
				74AC63D82843C6EB00CAE0F5 /* Resources */,
			);
			buildRules = (
			);
			dependencies = (
			);
			name = SeTime;
			productName = SeTime;
			productReference = 74AC63DA2843C6EB00CAE0F5 /* SeTime.app */;
			productType = "com.apple.product-type.application";
		};
/* End PBXNativeTarget section */

/* Begin PBXProject section */
		74AC63D22843C6EB00CAE0F5 /* Project object */ = {
			isa = PBXProject;
			attributes = {
				BuildIndependentTargetsInParallel = 1;
				LastSwiftUpdateCheck = 1340;
				LastUpgradeCheck = 1340;
				TargetAttributes = {
					74AC63D92843C6EB00CAE0F5 = {
						CreatedOnToolsVersion = 13.4;
					};
				};
			};
			buildConfigurationList = 74AC63D52843C6EB00CAE0F5 /* Build configuration list for PBXProject "SeTime" */;
			compatibilityVersion = "Xcode 13.0";
			developmentRegion = en;
			hasScannedForEncodings = 0;
			knownRegions = (
				en,
				Base,
			);
			mainGroup = 74AC63D12843C6EB00CAE0F5;
			productRefGroup = 74AC63DB2843C6EB00CAE0F5 /* Products */;
			projectDirPath = "";
			projectRoot = "";
			targets = (
				74AC63D92843C6EB00CAE0F5 /* SeTime */,
			);
		};
/* End PBXProject section */

/* Begin PBXResourcesBuildPhase section */
		74AC63D82843C6EB00CAE0F5 /* Resources */ = {
			isa = PBXResourcesBuildPhase;
			buildActionMask = 2147483647;
			files = (
				74ED60C0286593E50008B57C /* Assets.xcassets in Resources */,
				74ED60C1286593E50008B57C /* LaunchScreen.storyboard in Resources */,
			);
			runOnlyForDeploymentPostprocessing = 0;
		};
/* End PBXResourcesBuildPhase section */

/* Begin PBXSourcesBuildPhase section */
		74AC63D62843C6EB00CAE0F5 /* Sources */ = {
			isa = PBXSourcesBuildPhase;
			buildActionMask = 2147483647;
			files = (
				74ED60D0286594E00008B57C /* Day.swift in Sources */,
				74ED60CA286594370008B57C /* ViewController.swift in Sources */,
				74ED60C4286593E50008B57C /* Total properties.swift in Sources */,
				74ED60DC286594F10008B57C /* Extension time tasks.swift in Sources */,
				74ED60D2286594E00008B57C /* Data Manager.swift in Sources */,
				74ED60DA286594F10008B57C /* TaskCell.swift in Sources */,
				74ED60C5286593E50008B57C /* TabBarController.swift in Sources */,
				74ED60DB286594F10008B57C /* Extension Keyboard.swift in Sources */,
				74ED60D1286594E00008B57C /* Objecs of model.swift in Sources */,
				74ED60D9286594F10008B57C /* Extension TableView.swift in Sources */,
				74ED60DE286594FA0008B57C /* Archive.swift in Sources */,
				74ED60C2286593E50008B57C /* AppDelegate.swift in Sources */,
				74ED60C3286593E50008B57C /* SceneDelegate.swift in Sources */,
				74ED60C6286593E50008B57C /* Identifier.swift in Sources */,
				74ED60D8286594F10008B57C /* Extension TaskCell.swift in Sources */,
			);
			runOnlyForDeploymentPostprocessing = 0;
		};
/* End PBXSourcesBuildPhase section */

/* Begin PBXVariantGroup section */
		74ED60B8286593E50008B57C /* LaunchScreen.storyboard */ = {
			isa = PBXVariantGroup;
			children = (
				74ED60B9286593E50008B57C /* Base */,
			);
			name = LaunchScreen.storyboard;
			sourceTree = "<group>";
		};
/* End PBXVariantGroup section */

/* Begin XCBuildConfiguration section */
		74AC63EC2843C6EC00CAE0F5 /* Debug */ = {
			isa = XCBuildConfiguration;
			buildSettings = {
				ALWAYS_SEARCH_USER_PATHS = NO;
				CLANG_ANALYZER_NONNULL = YES;
				CLANG_ANALYZER_NUMBER_OBJECT_CONVERSION = YES_AGGRESSIVE;
				CLANG_CXX_LANGUAGE_STANDARD = "gnu++17";
				CLANG_ENABLE_MODULES = YES;
				CLANG_ENABLE_OBJC_ARC = YES;
				CLANG_ENABLE_OBJC_WEAK = YES;
				CLANG_WARN_BLOCK_CAPTURE_AUTORELEASING = YES;
				CLANG_WARN_BOOL_CONVERSION = YES;
				CLANG_WARN_COMMA = YES;
				CLANG_WARN_CONSTANT_CONVERSION = YES;
				CLANG_WARN_DEPRECATED_OBJC_IMPLEMENTATIONS = YES;
				CLANG_WARN_DIRECT_OBJC_ISA_USAGE = YES_ERROR;
				CLANG_WARN_DOCUMENTATION_COMMENTS = YES;
				CLANG_WARN_EMPTY_BODY = YES;
				CLANG_WARN_ENUM_CONVERSION = YES;
				CLANG_WARN_INFINITE_RECURSION = YES;
				CLANG_WARN_INT_CONVERSION = YES;
				CLANG_WARN_NON_LITERAL_NULL_CONVERSION = YES;
				CLANG_WARN_OBJC_IMPLICIT_RETAIN_SELF = YES;
				CLANG_WARN_OBJC_LITERAL_CONVERSION = YES;
				CLANG_WARN_OBJC_ROOT_CLASS = YES_ERROR;
				CLANG_WARN_QUOTED_INCLUDE_IN_FRAMEWORK_HEADER = YES;
				CLANG_WARN_RANGE_LOOP_ANALYSIS = YES;
				CLANG_WARN_STRICT_PROTOTYPES = YES;
				CLANG_WARN_SUSPICIOUS_MOVE = YES;
				CLANG_WARN_UNGUARDED_AVAILABILITY = YES_AGGRESSIVE;
				CLANG_WARN_UNREACHABLE_CODE = YES;
				CLANG_WARN__DUPLICATE_METHOD_MATCH = YES;
				COPY_PHASE_STRIP = NO;
				DEBUG_INFORMATION_FORMAT = dwarf;
				ENABLE_STRICT_OBJC_MSGSEND = YES;
				ENABLE_TESTABILITY = YES;
				GCC_C_LANGUAGE_STANDARD = gnu11;
				GCC_DYNAMIC_NO_PIC = NO;
				GCC_NO_COMMON_BLOCKS = YES;
				GCC_OPTIMIZATION_LEVEL = 0;
				GCC_PREPROCESSOR_DEFINITIONS = (
					"DEBUG=1",
					"$(inherited)",
				);
				GCC_WARN_64_TO_32_BIT_CONVERSION = YES;
				GCC_WARN_ABOUT_RETURN_TYPE = YES_ERROR;
				GCC_WARN_UNDECLARED_SELECTOR = YES;
				GCC_WARN_UNINITIALIZED_AUTOS = YES_AGGRESSIVE;
				GCC_WARN_UNUSED_FUNCTION = YES;
				GCC_WARN_UNUSED_VARIABLE = YES;
				IPHONEOS_DEPLOYMENT_TARGET = 15.5;
				MTL_ENABLE_DEBUG_INFO = INCLUDE_SOURCE;
				MTL_FAST_MATH = YES;
				ONLY_ACTIVE_ARCH = YES;
				SDKROOT = iphoneos;
				SWIFT_ACTIVE_COMPILATION_CONDITIONS = DEBUG;
				SWIFT_OPTIMIZATION_LEVEL = "-Onone";
			};
			name = Debug;
		};
		74AC63ED2843C6EC00CAE0F5 /* Release */ = {
			isa = XCBuildConfiguration;
			buildSettings = {
				ALWAYS_SEARCH_USER_PATHS = NO;
				CLANG_ANALYZER_NONNULL = YES;
				CLANG_ANALYZER_NUMBER_OBJECT_CONVERSION = YES_AGGRESSIVE;
				CLANG_CXX_LANGUAGE_STANDARD = "gnu++17";
				CLANG_ENABLE_MODULES = YES;
				CLANG_ENABLE_OBJC_ARC = YES;
				CLANG_ENABLE_OBJC_WEAK = YES;
				CLANG_WARN_BLOCK_CAPTURE_AUTORELEASING = YES;
				CLANG_WARN_BOOL_CONVERSION = YES;
				CLANG_WARN_COMMA = YES;
				CLANG_WARN_CONSTANT_CONVERSION = YES;
				CLANG_WARN_DEPRECATED_OBJC_IMPLEMENTATIONS = YES;
				CLANG_WARN_DIRECT_OBJC_ISA_USAGE = YES_ERROR;
				CLANG_WARN_DOCUMENTATION_COMMENTS = YES;
				CLANG_WARN_EMPTY_BODY = YES;
				CLANG_WARN_ENUM_CONVERSION = YES;
				CLANG_WARN_INFINITE_RECURSION = YES;
				CLANG_WARN_INT_CONVERSION = YES;
				CLANG_WARN_NON_LITERAL_NULL_CONVERSION = YES;
				CLANG_WARN_OBJC_IMPLICIT_RETAIN_SELF = YES;
				CLANG_WARN_OBJC_LITERAL_CONVERSION = YES;
				CLANG_WARN_OBJC_ROOT_CLASS = YES_ERROR;
				CLANG_WARN_QUOTED_INCLUDE_IN_FRAMEWORK_HEADER = YES;
				CLANG_WARN_RANGE_LOOP_ANALYSIS = YES;
				CLANG_WARN_STRICT_PROTOTYPES = YES;
				CLANG_WARN_SUSPICIOUS_MOVE = YES;
				CLANG_WARN_UNGUARDED_AVAILABILITY = YES_AGGRESSIVE;
				CLANG_WARN_UNREACHABLE_CODE = YES;
				CLANG_WARN__DUPLICATE_METHOD_MATCH = YES;
				COPY_PHASE_STRIP = NO;
				DEBUG_INFORMATION_FORMAT = "dwarf-with-dsym";
				ENABLE_NS_ASSERTIONS = NO;
				ENABLE_STRICT_OBJC_MSGSEND = YES;
				GCC_C_LANGUAGE_STANDARD = gnu11;
				GCC_NO_COMMON_BLOCKS = YES;
				GCC_WARN_64_TO_32_BIT_CONVERSION = YES;
				GCC_WARN_ABOUT_RETURN_TYPE = YES_ERROR;
				GCC_WARN_UNDECLARED_SELECTOR = YES;
				GCC_WARN_UNINITIALIZED_AUTOS = YES_AGGRESSIVE;
				GCC_WARN_UNUSED_FUNCTION = YES;
				GCC_WARN_UNUSED_VARIABLE = YES;
				IPHONEOS_DEPLOYMENT_TARGET = 15.5;
				MTL_ENABLE_DEBUG_INFO = NO;
				MTL_FAST_MATH = YES;
				SDKROOT = iphoneos;
				SWIFT_COMPILATION_MODE = wholemodule;
				SWIFT_OPTIMIZATION_LEVEL = "-O";
				VALIDATE_PRODUCT = YES;
			};
			name = Release;
		};
		74AC63EF2843C6EC00CAE0F5 /* Debug */ = {
			isa = XCBuildConfiguration;
			buildSettings = {
				ASSETCATALOG_COMPILER_APPICON_NAME = AppIcon;
				ASSETCATALOG_COMPILER_GLOBAL_ACCENT_COLOR_NAME = AccentColor;
				CODE_SIGN_STYLE = Automatic;
				CURRENT_PROJECT_VERSION = 1;
				DEVELOPMENT_TEAM = QZGF556L9S;
				GENERATE_INFOPLIST_FILE = YES;
				INFOPLIST_FILE = SeTime/Info.plist;
				INFOPLIST_KEY_UIApplicationSupportsIndirectInputEvents = YES;
				INFOPLIST_KEY_UILaunchStoryboardName = LaunchScreen;
				INFOPLIST_KEY_UISupportedInterfaceOrientations = UIInterfaceOrientationPortrait;
				INFOPLIST_KEY_UISupportedInterfaceOrientations_iPad = "UIInterfaceOrientationPortrait UIInterfaceOrientationPortraitUpsideDown UIInterfaceOrientationLandscapeLeft UIInterfaceOrientationLandscapeRight";
				INFOPLIST_KEY_UISupportedInterfaceOrientations_iPhone = "UIInterfaceOrientationPortrait UIInterfaceOrientationLandscapeLeft UIInterfaceOrientationLandscapeRight";
				IPHONEOS_DEPLOYMENT_TARGET = 14.0;
				LD_RUNPATH_SEARCH_PATHS = (
					"$(inherited)",
					"@executable_path/Frameworks",
				);
				MARKETING_VERSION = 1.0;
				PRODUCT_BUNDLE_IDENTIFIER = Ramil.Girfanov.SeTime;
				PRODUCT_NAME = "$(TARGET_NAME)";
				SWIFT_EMIT_LOC_STRINGS = YES;
				SWIFT_VERSION = 5.0;
				TARGETED_DEVICE_FAMILY = 1;
			};
			name = Debug;
		};
		74AC63F02843C6EC00CAE0F5 /* Release */ = {
			isa = XCBuildConfiguration;
			buildSettings = {
				ASSETCATALOG_COMPILER_APPICON_NAME = AppIcon;
				ASSETCATALOG_COMPILER_GLOBAL_ACCENT_COLOR_NAME = AccentColor;
				CODE_SIGN_STYLE = Automatic;
				CURRENT_PROJECT_VERSION = 1;
				DEVELOPMENT_TEAM = QZGF556L9S;
				GENERATE_INFOPLIST_FILE = YES;
				INFOPLIST_FILE = SeTime/Info.plist;
				INFOPLIST_KEY_UIApplicationSupportsIndirectInputEvents = YES;
				INFOPLIST_KEY_UILaunchStoryboardName = LaunchScreen;
				INFOPLIST_KEY_UISupportedInterfaceOrientations = UIInterfaceOrientationPortrait;
				INFOPLIST_KEY_UISupportedInterfaceOrientations_iPad = "UIInterfaceOrientationPortrait UIInterfaceOrientationPortraitUpsideDown UIInterfaceOrientationLandscapeLeft UIInterfaceOrientationLandscapeRight";
				INFOPLIST_KEY_UISupportedInterfaceOrientations_iPhone = "UIInterfaceOrientationPortrait UIInterfaceOrientationLandscapeLeft UIInterfaceOrientationLandscapeRight";
				IPHONEOS_DEPLOYMENT_TARGET = 14.0;
				LD_RUNPATH_SEARCH_PATHS = (
					"$(inherited)",
					"@executable_path/Frameworks",
				);
				MARKETING_VERSION = 1.0;
				PRODUCT_BUNDLE_IDENTIFIER = Ramil.Girfanov.SeTime;
				PRODUCT_NAME = "$(TARGET_NAME)";
				SWIFT_EMIT_LOC_STRINGS = YES;
				SWIFT_VERSION = 5.0;
				TARGETED_DEVICE_FAMILY = 1;
			};
			name = Release;
		};
/* End XCBuildConfiguration section */

/* Begin XCConfigurationList section */
		74AC63D52843C6EB00CAE0F5 /* Build configuration list for PBXProject "SeTime" */ = {
			isa = XCConfigurationList;
			buildConfigurations = (
				74AC63EC2843C6EC00CAE0F5 /* Debug */,
				74AC63ED2843C6EC00CAE0F5 /* Release */,
			);
			defaultConfigurationIsVisible = 0;
			defaultConfigurationName = Release;
		};
		74AC63EE2843C6EC00CAE0F5 /* Build configuration list for PBXNativeTarget "SeTime" */ = {
			isa = XCConfigurationList;
			buildConfigurations = (
				74AC63EF2843C6EC00CAE0F5 /* Debug */,
				74AC63F02843C6EC00CAE0F5 /* Release */,
			);
			defaultConfigurationIsVisible = 0;
			defaultConfigurationName = Release;
		};
/* End XCConfigurationList section */
	};
	rootObject = 74AC63D22843C6EB00CAE0F5 /* Project object */;
}
