// !$*UTF8*$!
{
	archiveVersion = 1;
	classes = {
	};
	objectVersion = 55;
	objects = {

/* Begin PBXBuildFile section */
		74080349290A7F9F002AB91D /* MainScreen.swift in Sources */ = {isa = PBXBuildFile; fileRef = 74080348290A7F9F002AB91D /* MainScreen.swift */; };
		7408034B290AA260002AB91D /* Model.swift in Sources */ = {isa = PBXBuildFile; fileRef = 7408034A290AA260002AB91D /* Model.swift */; };
		7408034E290AC14F002AB91D /* AddTaskScreen.swift in Sources */ = {isa = PBXBuildFile; fileRef = 7408034D290AC14F002AB91D /* AddTaskScreen.swift */; };
		7408035029113820002AB91D /* DatePickerScreen.swift in Sources */ = {isa = PBXBuildFile; fileRef = 7408034F29113820002AB91D /* DatePickerScreen.swift */; };
		7408035229113EF4002AB91D /* HistoryScrean.swift in Sources */ = {isa = PBXBuildFile; fileRef = 7408035129113EF4002AB91D /* HistoryScrean.swift */; };
		741FDF082921653B00F36193 /* DayModel.swift in Sources */ = {isa = PBXBuildFile; fileRef = 741FDF072921653B00F36193 /* DayModel.swift */; };
		741FDF0C2921701D00F36193 /* RealmManager.swift in Sources */ = {isa = PBXBuildFile; fileRef = 741FDF0B2921701D00F36193 /* RealmManager.swift */; };
		742EB7EA293BB3E5005DF234 /* SettingsScreen.swift in Sources */ = {isa = PBXBuildFile; fileRef = 742EB7E9293BB3E5005DF234 /* SettingsScreen.swift */; };
		742EB7EC293BB3FF005DF234 /* SettingsScreenViewController.swift in Sources */ = {isa = PBXBuildFile; fileRef = 742EB7EB293BB3FF005DF234 /* SettingsScreenViewController.swift */; };
		744F56B329258B9500D242F7 /* DefinitionTaskScreen.swift in Sources */ = {isa = PBXBuildFile; fileRef = 744F56B229258B9500D242F7 /* DefinitionTaskScreen.swift */; };
		744F56B82926EFD700D242F7 /* DefinitionTaskScreenViewController.swift in Sources */ = {isa = PBXBuildFile; fileRef = 744F56B72926EFD700D242F7 /* DefinitionTaskScreenViewController.swift */; };
		74722CE1294D0B0D0089EBE9 /* MainScreenVC.swift in Sources */ = {isa = PBXBuildFile; fileRef = 74722CE0294D0B0D0089EBE9 /* MainScreenVC.swift */; };
		74C5F3C529469D40008F0E5B /* MainScreen Protocol.swift in Sources */ = {isa = PBXBuildFile; fileRef = 74C5F3C429469D40008F0E5B /* MainScreen Protocol.swift */; };
		74C5F3C729469F11008F0E5B /* AddTaskScreenVC Protocol.swift in Sources */ = {isa = PBXBuildFile; fileRef = 74C5F3C629469F11008F0E5B /* AddTaskScreenVC Protocol.swift */; };
		74C5F3C929469F35008F0E5B /* DefinitionTaskScreenVC Protocol.swift in Sources */ = {isa = PBXBuildFile; fileRef = 74C5F3C829469F35008F0E5B /* DefinitionTaskScreenVC Protocol.swift */; };
		74C5F3CB29469F68008F0E5B /* EditTaskScreenVC Protocol.swift in Sources */ = {isa = PBXBuildFile; fileRef = 74C5F3CA29469F68008F0E5B /* EditTaskScreenVC Protocol.swift */; };
		74C5F3CD2946A071008F0E5B /* AddTaskScreen Protocol.swift in Sources */ = {isa = PBXBuildFile; fileRef = 74C5F3CC2946A071008F0E5B /* AddTaskScreen Protocol.swift */; };
		74C5F3CF2946A0D0008F0E5B /* DefinitionTaskScreen Protocol.swift in Sources */ = {isa = PBXBuildFile; fileRef = 74C5F3CE2946A0D0008F0E5B /* DefinitionTaskScreen Protocol.swift */; };
		74C5F3D12946A0FD008F0E5B /* EditTaskScreen Protocol.swift in Sources */ = {isa = PBXBuildFile; fileRef = 74C5F3D02946A0FD008F0E5B /* EditTaskScreen Protocol.swift */; };
		74C5F3D32946A15E008F0E5B /* DatePickerScreen Protocol.swift in Sources */ = {isa = PBXBuildFile; fileRef = 74C5F3D22946A15E008F0E5B /* DatePickerScreen Protocol.swift */; };
		74C5F3D52946A188008F0E5B /* HistoryScreen Protocol.swift in Sources */ = {isa = PBXBuildFile; fileRef = 74C5F3D42946A188008F0E5B /* HistoryScreen Protocol.swift */; };
		74C5F3D72946A1B8008F0E5B /* DefinitionTaskScreenVC2 Protocol.swift in Sources */ = {isa = PBXBuildFile; fileRef = 74C5F3D62946A1B8008F0E5B /* DefinitionTaskScreenVC2 Protocol.swift */; };
		74C5F3D92946A1E6008F0E5B /* EditTaskScreenVC2 Protocol.swift in Sources */ = {isa = PBXBuildFile; fileRef = 74C5F3D82946A1E6008F0E5B /* EditTaskScreenVC2 Protocol.swift */; };
		74C5F3DB2946A257008F0E5B /* SettingsScreen Protocol.swift in Sources */ = {isa = PBXBuildFile; fileRef = 74C5F3DA2946A257008F0E5B /* SettingsScreen Protocol.swift */; };
		74C8C8D229321A050016F655 /* Realm in Frameworks */ = {isa = PBXBuildFile; productRef = 74C8C8D129321A050016F655 /* Realm */; };
		74C8C8D429321A050016F655 /* RealmSwift in Frameworks */ = {isa = PBXBuildFile; productRef = 74C8C8D329321A050016F655 /* RealmSwift */; };
		74C8C8D6293412F40016F655 /* ViewForTimeReview.swift in Sources */ = {isa = PBXBuildFile; fileRef = 74C8C8D5293412F40016F655 /* ViewForTimeReview.swift */; };
		74C8E531292ACA7500A470EA /* EditTaskScreen.swift in Sources */ = {isa = PBXBuildFile; fileRef = 74C8E530292ACA7500A470EA /* EditTaskScreen.swift */; };
		74C8E533292ACACD00A470EA /* EditTaskScreenViewController.swift in Sources */ = {isa = PBXBuildFile; fileRef = 74C8E532292ACACD00A470EA /* EditTaskScreenViewController.swift */; };
		74CCA8AA292FEF9D000D6B32 /* Localizable.strings in Resources */ = {isa = PBXBuildFile; fileRef = 74CCA8AC292FEF9D000D6B32 /* Localizable.strings */; };
		74E79069288AF0C8000BAC0B /* AddTaskScreenViewController.swift in Sources */ = {isa = PBXBuildFile; fileRef = 74E79068288AF0C8000BAC0B /* AddTaskScreenViewController.swift */; };
		74ED60C0286593E50008B57C /* Assets.xcassets in Resources */ = {isa = PBXBuildFile; fileRef = 74ED60B7286593E50008B57C /* Assets.xcassets */; };
		74ED60C1286593E50008B57C /* LaunchScreen.storyboard in Resources */ = {isa = PBXBuildFile; fileRef = 74ED60B8286593E50008B57C /* LaunchScreen.storyboard */; };
		74ED60C2286593E50008B57C /* AppDelegate.swift in Sources */ = {isa = PBXBuildFile; fileRef = 74ED60BA286593E50008B57C /* AppDelegate.swift */; };
		74ED60C3286593E50008B57C /* SceneDelegate.swift in Sources */ = {isa = PBXBuildFile; fileRef = 74ED60BB286593E50008B57C /* SceneDelegate.swift */; };
		74ED60C4286593E50008B57C /* Constants.swift in Sources */ = {isa = PBXBuildFile; fileRef = 74ED60BD286593E50008B57C /* Constants.swift */; };
		74ED60CA286594370008B57C /* MainScreenViewController.swift in Sources */ = {isa = PBXBuildFile; fileRef = 74ED60C9286594370008B57C /* MainScreenViewController.swift */; };
		74ED60DA286594F10008B57C /* TaskCell.swift in Sources */ = {isa = PBXBuildFile; fileRef = 74ED60D5286594F10008B57C /* TaskCell.swift */; };
		74ED60EE286D350C0008B57C /* DatePickerViewController.swift in Sources */ = {isa = PBXBuildFile; fileRef = 74ED60ED286D350C0008B57C /* DatePickerViewController.swift */; };
		74ED60F0286D35430008B57C /* HistoryScreanViewController.swift in Sources */ = {isa = PBXBuildFile; fileRef = 74ED60EF286D35430008B57C /* HistoryScreanViewController.swift */; };
		74ED60F5286D76830008B57C /* NavigationController.swift in Sources */ = {isa = PBXBuildFile; fileRef = 74ED60F4286D76830008B57C /* NavigationController.swift */; };
/* End PBXBuildFile section */

/* Begin PBXFileReference section */
		74080348290A7F9F002AB91D /* MainScreen.swift */ = {isa = PBXFileReference; lastKnownFileType = sourcecode.swift; path = MainScreen.swift; sourceTree = "<group>"; };
		7408034A290AA260002AB91D /* Model.swift */ = {isa = PBXFileReference; lastKnownFileType = sourcecode.swift; path = Model.swift; sourceTree = "<group>"; };
		7408034D290AC14F002AB91D /* AddTaskScreen.swift */ = {isa = PBXFileReference; lastKnownFileType = sourcecode.swift; path = AddTaskScreen.swift; sourceTree = "<group>"; };
		7408034F29113820002AB91D /* DatePickerScreen.swift */ = {isa = PBXFileReference; lastKnownFileType = sourcecode.swift; path = DatePickerScreen.swift; sourceTree = "<group>"; };
		7408035129113EF4002AB91D /* HistoryScrean.swift */ = {isa = PBXFileReference; lastKnownFileType = sourcecode.swift; path = HistoryScrean.swift; sourceTree = "<group>"; };
		741FDF072921653B00F36193 /* DayModel.swift */ = {isa = PBXFileReference; lastKnownFileType = sourcecode.swift; path = DayModel.swift; sourceTree = "<group>"; };
		741FDF0B2921701D00F36193 /* RealmManager.swift */ = {isa = PBXFileReference; lastKnownFileType = sourcecode.swift; path = RealmManager.swift; sourceTree = "<group>"; };
		742EB7E9293BB3E5005DF234 /* SettingsScreen.swift */ = {isa = PBXFileReference; lastKnownFileType = sourcecode.swift; path = SettingsScreen.swift; sourceTree = "<group>"; };
		742EB7EB293BB3FF005DF234 /* SettingsScreenViewController.swift */ = {isa = PBXFileReference; lastKnownFileType = sourcecode.swift; path = SettingsScreenViewController.swift; sourceTree = "<group>"; };
		744F56B229258B9500D242F7 /* DefinitionTaskScreen.swift */ = {isa = PBXFileReference; lastKnownFileType = sourcecode.swift; path = DefinitionTaskScreen.swift; sourceTree = "<group>"; };
		744F56B72926EFD700D242F7 /* DefinitionTaskScreenViewController.swift */ = {isa = PBXFileReference; lastKnownFileType = sourcecode.swift; path = DefinitionTaskScreenViewController.swift; sourceTree = "<group>"; };
		74722CE0294D0B0D0089EBE9 /* MainScreenVC.swift */ = {isa = PBXFileReference; lastKnownFileType = sourcecode.swift; name = MainScreenVC.swift; path = "SeTime/Vews Controllers/Main screen/Controller/MainScreenVC.swift"; sourceTree = SOURCE_ROOT; };
		74AC63DA2843C6EB00CAE0F5 /* SeTime.app */ = {isa = PBXFileReference; explicitFileType = wrapper.application; includeInIndex = 0; path = SeTime.app; sourceTree = BUILT_PRODUCTS_DIR; };
		74AC63EB2843C6EC00CAE0F5 /* Info.plist */ = {isa = PBXFileReference; lastKnownFileType = text.plist.xml; path = Info.plist; sourceTree = "<group>"; };
		74C5F3C429469D40008F0E5B /* MainScreen Protocol.swift */ = {isa = PBXFileReference; lastKnownFileType = sourcecode.swift; name = "MainScreen Protocol.swift"; path = "SeTime/Vews Controllers/Main screen/Controller/MainScreen Protocol.swift"; sourceTree = SOURCE_ROOT; };
		74C5F3C629469F11008F0E5B /* AddTaskScreenVC Protocol.swift */ = {isa = PBXFileReference; lastKnownFileType = sourcecode.swift; name = "AddTaskScreenVC Protocol.swift"; path = "SeTime/Vews Controllers/Main screen/Controller/AddTaskScreenVC Protocol.swift"; sourceTree = SOURCE_ROOT; };
		74C5F3C829469F35008F0E5B /* DefinitionTaskScreenVC Protocol.swift */ = {isa = PBXFileReference; lastKnownFileType = sourcecode.swift; name = "DefinitionTaskScreenVC Protocol.swift"; path = "SeTime/Vews Controllers/Main screen/Controller/DefinitionTaskScreenVC Protocol.swift"; sourceTree = SOURCE_ROOT; };
		74C5F3CA29469F68008F0E5B /* EditTaskScreenVC Protocol.swift */ = {isa = PBXFileReference; lastKnownFileType = sourcecode.swift; name = "EditTaskScreenVC Protocol.swift"; path = "SeTime/Vews Controllers/Main screen/Controller/EditTaskScreenVC Protocol.swift"; sourceTree = SOURCE_ROOT; };
		74C5F3CC2946A071008F0E5B /* AddTaskScreen Protocol.swift */ = {isa = PBXFileReference; lastKnownFileType = sourcecode.swift; path = "AddTaskScreen Protocol.swift"; sourceTree = "<group>"; };
		74C5F3CE2946A0D0008F0E5B /* DefinitionTaskScreen Protocol.swift */ = {isa = PBXFileReference; lastKnownFileType = sourcecode.swift; path = "DefinitionTaskScreen Protocol.swift"; sourceTree = "<group>"; };
		74C5F3D02946A0FD008F0E5B /* EditTaskScreen Protocol.swift */ = {isa = PBXFileReference; lastKnownFileType = sourcecode.swift; path = "EditTaskScreen Protocol.swift"; sourceTree = "<group>"; };
		74C5F3D22946A15E008F0E5B /* DatePickerScreen Protocol.swift */ = {isa = PBXFileReference; lastKnownFileType = sourcecode.swift; path = "DatePickerScreen Protocol.swift"; sourceTree = "<group>"; };
		74C5F3D42946A188008F0E5B /* HistoryScreen Protocol.swift */ = {isa = PBXFileReference; lastKnownFileType = sourcecode.swift; path = "HistoryScreen Protocol.swift"; sourceTree = "<group>"; };
		74C5F3D62946A1B8008F0E5B /* DefinitionTaskScreenVC2 Protocol.swift */ = {isa = PBXFileReference; lastKnownFileType = sourcecode.swift; path = "DefinitionTaskScreenVC2 Protocol.swift"; sourceTree = "<group>"; };
		74C5F3D82946A1E6008F0E5B /* EditTaskScreenVC2 Protocol.swift */ = {isa = PBXFileReference; lastKnownFileType = sourcecode.swift; path = "EditTaskScreenVC2 Protocol.swift"; sourceTree = "<group>"; };
		74C5F3DA2946A257008F0E5B /* SettingsScreen Protocol.swift */ = {isa = PBXFileReference; lastKnownFileType = sourcecode.swift; path = "SettingsScreen Protocol.swift"; sourceTree = "<group>"; };
		74C8C8D5293412F40016F655 /* ViewForTimeReview.swift */ = {isa = PBXFileReference; lastKnownFileType = sourcecode.swift; path = ViewForTimeReview.swift; sourceTree = "<group>"; };
		74C8E530292ACA7500A470EA /* EditTaskScreen.swift */ = {isa = PBXFileReference; lastKnownFileType = sourcecode.swift; path = EditTaskScreen.swift; sourceTree = "<group>"; };
		74C8E532292ACACD00A470EA /* EditTaskScreenViewController.swift */ = {isa = PBXFileReference; lastKnownFileType = sourcecode.swift; path = EditTaskScreenViewController.swift; sourceTree = "<group>"; };
		74CCA8AB292FEF9D000D6B32 /* en */ = {isa = PBXFileReference; lastKnownFileType = text.plist.strings; name = en; path = en.lproj/Localizable.strings; sourceTree = "<group>"; };
		74CCA8AD292FEFBF000D6B32 /* ru */ = {isa = PBXFileReference; lastKnownFileType = text.plist.strings; name = ru; path = ru.lproj/Localizable.strings; sourceTree = "<group>"; };
		74E79068288AF0C8000BAC0B /* AddTaskScreenViewController.swift */ = {isa = PBXFileReference; lastKnownFileType = sourcecode.swift; path = AddTaskScreenViewController.swift; sourceTree = "<group>"; };
		74ED60B7286593E50008B57C /* Assets.xcassets */ = {isa = PBXFileReference; lastKnownFileType = folder.assetcatalog; path = Assets.xcassets; sourceTree = "<group>"; };
		74ED60B9286593E50008B57C /* Base */ = {isa = PBXFileReference; lastKnownFileType = file.storyboard; name = Base; path = Base.lproj/LaunchScreen.storyboard; sourceTree = "<group>"; };
		74ED60BA286593E50008B57C /* AppDelegate.swift */ = {isa = PBXFileReference; fileEncoding = 4; lastKnownFileType = sourcecode.swift; path = AppDelegate.swift; sourceTree = "<group>"; };
		74ED60BB286593E50008B57C /* SceneDelegate.swift */ = {isa = PBXFileReference; fileEncoding = 4; lastKnownFileType = sourcecode.swift; path = SceneDelegate.swift; sourceTree = "<group>"; };
		74ED60BD286593E50008B57C /* Constants.swift */ = {isa = PBXFileReference; fileEncoding = 4; lastKnownFileType = sourcecode.swift; path = Constants.swift; sourceTree = "<group>"; };
		74ED60C9286594370008B57C /* MainScreenViewController.swift */ = {isa = PBXFileReference; fileEncoding = 4; lastKnownFileType = sourcecode.swift; path = MainScreenViewController.swift; sourceTree = "<group>"; };
		74ED60D5286594F10008B57C /* TaskCell.swift */ = {isa = PBXFileReference; fileEncoding = 4; lastKnownFileType = sourcecode.swift; path = TaskCell.swift; sourceTree = "<group>"; };
		74ED60ED286D350C0008B57C /* DatePickerViewController.swift */ = {isa = PBXFileReference; lastKnownFileType = sourcecode.swift; path = DatePickerViewController.swift; sourceTree = "<group>"; };
		74ED60EF286D35430008B57C /* HistoryScreanViewController.swift */ = {isa = PBXFileReference; lastKnownFileType = sourcecode.swift; path = HistoryScreanViewController.swift; sourceTree = "<group>"; };
		74ED60F4286D76830008B57C /* NavigationController.swift */ = {isa = PBXFileReference; lastKnownFileType = sourcecode.swift; path = NavigationController.swift; sourceTree = "<group>"; };
/* End PBXFileReference section */

/* Begin PBXFrameworksBuildPhase section */
		74AC63D72843C6EB00CAE0F5 /* Frameworks */ = {
			isa = PBXFrameworksBuildPhase;
			buildActionMask = 2147483647;
			files = (
				74C8C8D429321A050016F655 /* RealmSwift in Frameworks */,
				74C8C8D229321A050016F655 /* Realm in Frameworks */,
			);
			runOnlyForDeploymentPostprocessing = 0;
		};
/* End PBXFrameworksBuildPhase section */

/* Begin PBXGroup section */
		7408034C290AB9AA002AB91D /* Vews Controllers */ = {
			isa = PBXGroup;
			children = (
				74C8C8D7293416F70016F655 /* Custom Views */,
				742EB7E6293BB39E005DF234 /* Setting Screen */,
				74ED60C7286594370008B57C /* Main Screen */,
				74E7906C288D820F000BAC0B /* Add Task Screen */,
				744F56AF29258A2600D242F7 /* Definition Task Screen */,
				74C8E52D292ACA3D00A470EA /* Edit Task Screen */,
				74ED60E9286D346D0008B57C /* DatePicker Screen */,
				744F56AA292586D800D242F7 /* History Screen */,
			);
			path = "Vews Controllers";
			sourceTree = "<group>";
		};
		741FDF0A2921654E00F36193 /* Realm */ = {
			isa = PBXGroup;
			children = (
				741FDF072921653B00F36193 /* DayModel.swift */,
				741FDF0B2921701D00F36193 /* RealmManager.swift */,
			);
			path = Realm;
			sourceTree = "<group>";
		};
		742EB7E6293BB39E005DF234 /* Setting Screen */ = {
			isa = PBXGroup;
			children = (
				742EB7E8293BB3BD005DF234 /* View */,
				742EB7E7293BB3B1005DF234 /* Controller */,
			);
			path = "Setting Screen";
			sourceTree = "<group>";
		};
		742EB7E7293BB3B1005DF234 /* Controller */ = {
			isa = PBXGroup;
			children = (
				742EB7EB293BB3FF005DF234 /* SettingsScreenViewController.swift */,
				74C5F3DA2946A257008F0E5B /* SettingsScreen Protocol.swift */,
			);
			path = Controller;
			sourceTree = "<group>";
		};
		742EB7E8293BB3BD005DF234 /* View */ = {
			isa = PBXGroup;
			children = (
				742EB7E9293BB3E5005DF234 /* SettingsScreen.swift */,
			);
			path = View;
			sourceTree = "<group>";
		};
		744F56AA292586D800D242F7 /* History Screen */ = {
			isa = PBXGroup;
			children = (
				744F56AB2925871400D242F7 /* View */,
				744F56AD2925873A00D242F7 /* Controller */,
			);
			path = "History Screen";
			sourceTree = "<group>";
		};
		744F56AB2925871400D242F7 /* View */ = {
			isa = PBXGroup;
			children = (
				7408035129113EF4002AB91D /* HistoryScrean.swift */,
			);
			path = View;
			sourceTree = "<group>";
		};
		744F56AD2925873A00D242F7 /* Controller */ = {
			isa = PBXGroup;
			children = (
				74ED60EF286D35430008B57C /* HistoryScreanViewController.swift */,
				74C5F3D42946A188008F0E5B /* HistoryScreen Protocol.swift */,
				74C5F3D62946A1B8008F0E5B /* DefinitionTaskScreenVC2 Protocol.swift */,
				74C5F3D82946A1E6008F0E5B /* EditTaskScreenVC2 Protocol.swift */,
			);
			path = Controller;
			sourceTree = "<group>";
		};
		744F56AF29258A2600D242F7 /* Definition Task Screen */ = {
			isa = PBXGroup;
			children = (
				744F56B129258A5000D242F7 /* View */,
				744F56B029258A3F00D242F7 /* Controller */,
			);
			path = "Definition Task Screen";
			sourceTree = "<group>";
		};
		744F56B029258A3F00D242F7 /* Controller */ = {
			isa = PBXGroup;
			children = (
				744F56B72926EFD700D242F7 /* DefinitionTaskScreenViewController.swift */,
				74C5F3CE2946A0D0008F0E5B /* DefinitionTaskScreen Protocol.swift */,
			);
			path = Controller;
			sourceTree = "<group>";
		};
		744F56B129258A5000D242F7 /* View */ = {
			isa = PBXGroup;
			children = (
				744F56B229258B9500D242F7 /* DefinitionTaskScreen.swift */,
			);
			path = View;
			sourceTree = "<group>";
		};
		74AC63D12843C6EB00CAE0F5 = {
			isa = PBXGroup;
			children = (
				74AC63DC2843C6EB00CAE0F5 /* SeTime */,
				74AC63DB2843C6EB00CAE0F5 /* Products */,
			);
			sourceTree = "<group>";
		};
		74AC63DB2843C6EB00CAE0F5 /* Products */ = {
			isa = PBXGroup;
			children = (
				74AC63DA2843C6EB00CAE0F5 /* SeTime.app */,
			);
			name = Products;
			sourceTree = "<group>";
		};
		74AC63DC2843C6EB00CAE0F5 /* SeTime */ = {
			isa = PBXGroup;
			children = (
				74ED60BA286593E50008B57C /* AppDelegate.swift */,
				74ED60BB286593E50008B57C /* SceneDelegate.swift */,
				74ED60F4286D76830008B57C /* NavigationController.swift */,
				74ED60BD286593E50008B57C /* Constants.swift */,
				74ED60B6286593E50008B57C /* Resources */,
				74ED60CB286594C10008B57C /* Model */,
				7408034C290AB9AA002AB91D /* Vews Controllers */,
				74AC63EB2843C6EC00CAE0F5 /* Info.plist */,
			);
			path = SeTime;
			sourceTree = "<group>";
		};
		74C8C8D7293416F70016F655 /* Custom Views */ = {
			isa = PBXGroup;
			children = (
				74C8C8D5293412F40016F655 /* ViewForTimeReview.swift */,
				74ED60D5286594F10008B57C /* TaskCell.swift */,
			);
			path = "Custom Views";
			sourceTree = "<group>";
		};
		74C8E52D292ACA3D00A470EA /* Edit Task Screen */ = {
			isa = PBXGroup;
			children = (
				74C8E52F292ACA5100A470EA /* View */,
				74C8E52E292ACA4A00A470EA /* Controller */,
			);
			path = "Edit Task Screen";
			sourceTree = "<group>";
		};
		74C8E52E292ACA4A00A470EA /* Controller */ = {
			isa = PBXGroup;
			children = (
				74C8E532292ACACD00A470EA /* EditTaskScreenViewController.swift */,
				74C5F3D02946A0FD008F0E5B /* EditTaskScreen Protocol.swift */,
			);
			path = Controller;
			sourceTree = "<group>";
		};
		74C8E52F292ACA5100A470EA /* View */ = {
			isa = PBXGroup;
			children = (
				74C8E530292ACA7500A470EA /* EditTaskScreen.swift */,
			);
			path = View;
			sourceTree = "<group>";
		};
		74E7906C288D820F000BAC0B /* Add Task Screen */ = {
			isa = PBXGroup;
			children = (
				74E7906E288D822A000BAC0B /* View */,
				74E7906D288D8221000BAC0B /* Controller */,
			);
			path = "Add Task Screen";
			sourceTree = "<group>";
		};
		74E7906D288D8221000BAC0B /* Controller */ = {
			isa = PBXGroup;
			children = (
				74E79068288AF0C8000BAC0B /* AddTaskScreenViewController.swift */,
				74C5F3CC2946A071008F0E5B /* AddTaskScreen Protocol.swift */,
			);
			path = Controller;
			sourceTree = "<group>";
		};
		74E7906E288D822A000BAC0B /* View */ = {
			isa = PBXGroup;
			children = (
				7408034D290AC14F002AB91D /* AddTaskScreen.swift */,
			);
			path = View;
			sourceTree = "<group>";
		};
		74ED60B6286593E50008B57C /* Resources */ = {
			isa = PBXGroup;
			children = (
				74ED60B8286593E50008B57C /* LaunchScreen.storyboard */,
				74ED60B7286593E50008B57C /* Assets.xcassets */,
				74CCA8AC292FEF9D000D6B32 /* Localizable.strings */,
			);
			path = Resources;
			sourceTree = "<group>";
		};
		74ED60C7286594370008B57C /* Main Screen */ = {
			isa = PBXGroup;
			children = (
				74ED60C8286594370008B57C /* View */,
				74ED60CC286594C10008B57C /* Controller */,
			);
			path = "Main Screen";
			sourceTree = "<group>";
		};
		74ED60C8286594370008B57C /* View */ = {
			isa = PBXGroup;
			children = (
				74080348290A7F9F002AB91D /* MainScreen.swift */,
			);
			path = View;
			sourceTree = "<group>";
		};
		74ED60CB286594C10008B57C /* Model */ = {
			isa = PBXGroup;
			children = (
				7408034A290AA260002AB91D /* Model.swift */,
				741FDF0A2921654E00F36193 /* Realm */,
			);
			path = Model;
			sourceTree = "<group>";
		};
		74ED60CC286594C10008B57C /* Controller */ = {
			isa = PBXGroup;
			children = (
				74ED60C9286594370008B57C /* MainScreenViewController.swift */,
				74722CE0294D0B0D0089EBE9 /* MainScreenVC.swift */,
				74C5F3C429469D40008F0E5B /* MainScreen Protocol.swift */,
				74C5F3C629469F11008F0E5B /* AddTaskScreenVC Protocol.swift */,
				74C5F3C829469F35008F0E5B /* DefinitionTaskScreenVC Protocol.swift */,
				74C5F3CA29469F68008F0E5B /* EditTaskScreenVC Protocol.swift */,
			);
			path = Controller;
			sourceTree = "<group>";
		};
		74ED60E9286D346D0008B57C /* DatePicker Screen */ = {
			isa = PBXGroup;
			children = (
				74ED60EC286D34AC0008B57C /* View */,
				74ED60EB286D34A30008B57C /* Controller */,
			);
			path = "DatePicker Screen";
			sourceTree = "<group>";
		};
		74ED60EB286D34A30008B57C /* Controller */ = {
			isa = PBXGroup;
			children = (
				74ED60ED286D350C0008B57C /* DatePickerViewController.swift */,
				74C5F3D22946A15E008F0E5B /* DatePickerScreen Protocol.swift */,
			);
			path = Controller;
			sourceTree = "<group>";
		};
		74ED60EC286D34AC0008B57C /* View */ = {
			isa = PBXGroup;
			children = (
				7408034F29113820002AB91D /* DatePickerScreen.swift */,
			);
			path = View;
			sourceTree = "<group>";
		};
/* End PBXGroup section */

/* Begin PBXNativeTarget section */
		74AC63D92843C6EB00CAE0F5 /* SeTime */ = {
			isa = PBXNativeTarget;
			buildConfigurationList = 74AC63EE2843C6EC00CAE0F5 /* Build configuration list for PBXNativeTarget "SeTime" */;
			buildPhases = (
				74AC63D62843C6EB00CAE0F5 /* Sources */,
				74AC63D72843C6EB00CAE0F5 /* Frameworks */,
				74AC63D82843C6EB00CAE0F5 /* Resources */,
			);
			buildRules = (
			);
			dependencies = (
			);
			name = SeTime;
			packageProductDependencies = (
				74C8C8D129321A050016F655 /* Realm */,
				74C8C8D329321A050016F655 /* RealmSwift */,
			);
			productName = SeTime;
			productReference = 74AC63DA2843C6EB00CAE0F5 /* SeTime.app */;
			productType = "com.apple.product-type.application";
		};
/* End PBXNativeTarget section */

/* Begin PBXProject section */
		74AC63D22843C6EB00CAE0F5 /* Project object */ = {
			isa = PBXProject;
			attributes = {
				BuildIndependentTargetsInParallel = 1;
				LastSwiftUpdateCheck = 1340;
				LastUpgradeCheck = 1340;
				TargetAttributes = {
					74AC63D92843C6EB00CAE0F5 = {
						CreatedOnToolsVersion = 13.4;
					};
				};
			};
			buildConfigurationList = 74AC63D52843C6EB00CAE0F5 /* Build configuration list for PBXProject "SeTime" */;
			compatibilityVersion = "Xcode 13.0";
			developmentRegion = en;
			hasScannedForEncodings = 0;
			knownRegions = (
				en,
				Base,
				ru,
			);
			mainGroup = 74AC63D12843C6EB00CAE0F5;
			packageReferences = (
				74C8C8D029321A050016F655 /* XCRemoteSwiftPackageReference "realm-swift" */,
			);
			productRefGroup = 74AC63DB2843C6EB00CAE0F5 /* Products */;
			projectDirPath = "";
			projectRoot = "";
			targets = (
				74AC63D92843C6EB00CAE0F5 /* SeTime */,
			);
		};
/* End PBXProject section */

/* Begin PBXResourcesBuildPhase section */
		74AC63D82843C6EB00CAE0F5 /* Resources */ = {
			isa = PBXResourcesBuildPhase;
			buildActionMask = 2147483647;
			files = (
				74ED60C0286593E50008B57C /* Assets.xcassets in Resources */,
				74CCA8AA292FEF9D000D6B32 /* Localizable.strings in Resources */,
				74ED60C1286593E50008B57C /* LaunchScreen.storyboard in Resources */,
			);
			runOnlyForDeploymentPostprocessing = 0;
		};
/* End PBXResourcesBuildPhase section */

/* Begin PBXSourcesBuildPhase section */
		74AC63D62843C6EB00CAE0F5 /* Sources */ = {
			isa = PBXSourcesBuildPhase;
			buildActionMask = 2147483647;
			files = (
				74C5F3C729469F11008F0E5B /* AddTaskScreenVC Protocol.swift in Sources */,
				74080349290A7F9F002AB91D /* MainScreen.swift in Sources */,
				74C5F3DB2946A257008F0E5B /* SettingsScreen Protocol.swift in Sources */,
				74C5F3CB29469F68008F0E5B /* EditTaskScreenVC Protocol.swift in Sources */,
				74C5F3CF2946A0D0008F0E5B /* DefinitionTaskScreen Protocol.swift in Sources */,
				741FDF082921653B00F36193 /* DayModel.swift in Sources */,
				74ED60CA286594370008B57C /* MainScreenViewController.swift in Sources */,
				74C8E531292ACA7500A470EA /* EditTaskScreen.swift in Sources */,
				744F56B82926EFD700D242F7 /* DefinitionTaskScreenViewController.swift in Sources */,
				744F56B329258B9500D242F7 /* DefinitionTaskScreen.swift in Sources */,
				741FDF0C2921701D00F36193 /* RealmManager.swift in Sources */,
				74C5F3CD2946A071008F0E5B /* AddTaskScreen Protocol.swift in Sources */,
				74C5F3D32946A15E008F0E5B /* DatePickerScreen Protocol.swift in Sources */,
				74C5F3D12946A0FD008F0E5B /* EditTaskScreen Protocol.swift in Sources */,
				7408035229113EF4002AB91D /* HistoryScrean.swift in Sources */,
				74C8E533292ACACD00A470EA /* EditTaskScreenViewController.swift in Sources */,
				74ED60C4286593E50008B57C /* Constants.swift in Sources */,
				7408035029113820002AB91D /* DatePickerScreen.swift in Sources */,
				74C5F3C929469F35008F0E5B /* DefinitionTaskScreenVC Protocol.swift in Sources */,
				74C5F3C529469D40008F0E5B /* MainScreen Protocol.swift in Sources */,
				74C8C8D6293412F40016F655 /* ViewForTimeReview.swift in Sources */,
				74ED60EE286D350C0008B57C /* DatePickerViewController.swift in Sources */,
				74C5F3D92946A1E6008F0E5B /* EditTaskScreenVC2 Protocol.swift in Sources */,
				74ED60DA286594F10008B57C /* TaskCell.swift in Sources */,
				7408034B290AA260002AB91D /* Model.swift in Sources */,
				74C5F3D72946A1B8008F0E5B /* DefinitionTaskScreenVC2 Protocol.swift in Sources */,
				74E79069288AF0C8000BAC0B /* AddTaskScreenViewController.swift in Sources */,
				74722CE1294D0B0D0089EBE9 /* MainScreenVC.swift in Sources */,
				74ED60C2286593E50008B57C /* AppDelegate.swift in Sources */,
				74ED60C3286593E50008B57C /* SceneDelegate.swift in Sources */,
				742EB7EA293BB3E5005DF234 /* SettingsScreen.swift in Sources */,
				74C5F3D52946A188008F0E5B /* HistoryScreen Protocol.swift in Sources */,
				7408034E290AC14F002AB91D /* AddTaskScreen.swift in Sources */,
				74ED60F5286D76830008B57C /* NavigationController.swift in Sources */,
				742EB7EC293BB3FF005DF234 /* SettingsScreenViewController.swift in Sources */,
				74ED60F0286D35430008B57C /* HistoryScreanViewController.swift in Sources */,
			);
			runOnlyForDeploymentPostprocessing = 0;
		};
/* End PBXSourcesBuildPhase section */

/* Begin PBXVariantGroup section */
		74CCA8AC292FEF9D000D6B32 /* Localizable.strings */ = {
			isa = PBXVariantGroup;
			children = (
				74CCA8AB292FEF9D000D6B32 /* en */,
				74CCA8AD292FEFBF000D6B32 /* ru */,
			);
			name = Localizable.strings;
			sourceTree = "<group>";
		};
		74ED60B8286593E50008B57C /* LaunchScreen.storyboard */ = {
			isa = PBXVariantGroup;
			children = (
				74ED60B9286593E50008B57C /* Base */,
			);
			name = LaunchScreen.storyboard;
			sourceTree = "<group>";
		};
/* End PBXVariantGroup section */

/* Begin XCBuildConfiguration section */
		74AC63EC2843C6EC00CAE0F5 /* Debug */ = {
			isa = XCBuildConfiguration;
			buildSettings = {
				ALWAYS_SEARCH_USER_PATHS = NO;
				CLANG_ANALYZER_LOCALIZABILITY_NONLOCALIZED = YES;
				CLANG_ANALYZER_NONNULL = YES;
				CLANG_ANALYZER_NUMBER_OBJECT_CONVERSION = YES_AGGRESSIVE;
				CLANG_CXX_LANGUAGE_STANDARD = "gnu++17";
				CLANG_ENABLE_MODULES = YES;
				CLANG_ENABLE_OBJC_ARC = YES;
				CLANG_ENABLE_OBJC_WEAK = YES;
				CLANG_WARN_BLOCK_CAPTURE_AUTORELEASING = YES;
				CLANG_WARN_BOOL_CONVERSION = YES;
				CLANG_WARN_COMMA = YES;
				CLANG_WARN_CONSTANT_CONVERSION = YES;
				CLANG_WARN_DEPRECATED_OBJC_IMPLEMENTATIONS = YES;
				CLANG_WARN_DIRECT_OBJC_ISA_USAGE = YES_ERROR;
				CLANG_WARN_DOCUMENTATION_COMMENTS = YES;
				CLANG_WARN_EMPTY_BODY = YES;
				CLANG_WARN_ENUM_CONVERSION = YES;
				CLANG_WARN_INFINITE_RECURSION = YES;
				CLANG_WARN_INT_CONVERSION = YES;
				CLANG_WARN_NON_LITERAL_NULL_CONVERSION = YES;
				CLANG_WARN_OBJC_IMPLICIT_RETAIN_SELF = YES;
				CLANG_WARN_OBJC_LITERAL_CONVERSION = YES;
				CLANG_WARN_OBJC_ROOT_CLASS = YES_ERROR;
				CLANG_WARN_QUOTED_INCLUDE_IN_FRAMEWORK_HEADER = YES;
				CLANG_WARN_RANGE_LOOP_ANALYSIS = YES;
				CLANG_WARN_STRICT_PROTOTYPES = YES;
				CLANG_WARN_SUSPICIOUS_MOVE = YES;
				CLANG_WARN_UNGUARDED_AVAILABILITY = YES_AGGRESSIVE;
				CLANG_WARN_UNREACHABLE_CODE = YES;
				CLANG_WARN__DUPLICATE_METHOD_MATCH = YES;
				COPY_PHASE_STRIP = NO;
				DEBUG_INFORMATION_FORMAT = dwarf;
				ENABLE_STRICT_OBJC_MSGSEND = YES;
				ENABLE_TESTABILITY = YES;
				GCC_C_LANGUAGE_STANDARD = gnu11;
				GCC_DYNAMIC_NO_PIC = NO;
				GCC_NO_COMMON_BLOCKS = YES;
				GCC_OPTIMIZATION_LEVEL = 0;
				GCC_PREPROCESSOR_DEFINITIONS = (
					"DEBUG=1",
					"$(inherited)",
				);
				GCC_WARN_64_TO_32_BIT_CONVERSION = YES;
				GCC_WARN_ABOUT_RETURN_TYPE = YES_ERROR;
				GCC_WARN_UNDECLARED_SELECTOR = YES;
				GCC_WARN_UNINITIALIZED_AUTOS = YES_AGGRESSIVE;
				GCC_WARN_UNUSED_FUNCTION = YES;
				GCC_WARN_UNUSED_VARIABLE = YES;
				IPHONEOS_DEPLOYMENT_TARGET = 14.0;
				MTL_ENABLE_DEBUG_INFO = INCLUDE_SOURCE;
				MTL_FAST_MATH = YES;
				ONLY_ACTIVE_ARCH = YES;
				SDKROOT = iphoneos;
				SWIFT_ACTIVE_COMPILATION_CONDITIONS = DEBUG;
				SWIFT_OPTIMIZATION_LEVEL = "-Onone";
			};
			name = Debug;
		};
		74AC63ED2843C6EC00CAE0F5 /* Release */ = {
			isa = XCBuildConfiguration;
			buildSettings = {
				ALWAYS_SEARCH_USER_PATHS = NO;
				CLANG_ANALYZER_LOCALIZABILITY_NONLOCALIZED = YES;
				CLANG_ANALYZER_NONNULL = YES;
				CLANG_ANALYZER_NUMBER_OBJECT_CONVERSION = YES_AGGRESSIVE;
				CLANG_CXX_LANGUAGE_STANDARD = "gnu++17";
				CLANG_ENABLE_MODULES = YES;
				CLANG_ENABLE_OBJC_ARC = YES;
				CLANG_ENABLE_OBJC_WEAK = YES;
				CLANG_WARN_BLOCK_CAPTURE_AUTORELEASING = YES;
				CLANG_WARN_BOOL_CONVERSION = YES;
				CLANG_WARN_COMMA = YES;
				CLANG_WARN_CONSTANT_CONVERSION = YES;
				CLANG_WARN_DEPRECATED_OBJC_IMPLEMENTATIONS = YES;
				CLANG_WARN_DIRECT_OBJC_ISA_USAGE = YES_ERROR;
				CLANG_WARN_DOCUMENTATION_COMMENTS = YES;
				CLANG_WARN_EMPTY_BODY = YES;
				CLANG_WARN_ENUM_CONVERSION = YES;
				CLANG_WARN_INFINITE_RECURSION = YES;
				CLANG_WARN_INT_CONVERSION = YES;
				CLANG_WARN_NON_LITERAL_NULL_CONVERSION = YES;
				CLANG_WARN_OBJC_IMPLICIT_RETAIN_SELF = YES;
				CLANG_WARN_OBJC_LITERAL_CONVERSION = YES;
				CLANG_WARN_OBJC_ROOT_CLASS = YES_ERROR;
				CLANG_WARN_QUOTED_INCLUDE_IN_FRAMEWORK_HEADER = YES;
				CLANG_WARN_RANGE_LOOP_ANALYSIS = YES;
				CLANG_WARN_STRICT_PROTOTYPES = YES;
				CLANG_WARN_SUSPICIOUS_MOVE = YES;
				CLANG_WARN_UNGUARDED_AVAILABILITY = YES_AGGRESSIVE;
				CLANG_WARN_UNREACHABLE_CODE = YES;
				CLANG_WARN__DUPLICATE_METHOD_MATCH = YES;
				COPY_PHASE_STRIP = NO;
				DEBUG_INFORMATION_FORMAT = "dwarf-with-dsym";
				ENABLE_NS_ASSERTIONS = NO;
				ENABLE_STRICT_OBJC_MSGSEND = YES;
				GCC_C_LANGUAGE_STANDARD = gnu11;
				GCC_NO_COMMON_BLOCKS = YES;
				GCC_WARN_64_TO_32_BIT_CONVERSION = YES;
				GCC_WARN_ABOUT_RETURN_TYPE = YES_ERROR;
				GCC_WARN_UNDECLARED_SELECTOR = YES;
				GCC_WARN_UNINITIALIZED_AUTOS = YES_AGGRESSIVE;
				GCC_WARN_UNUSED_FUNCTION = YES;
				GCC_WARN_UNUSED_VARIABLE = YES;
				IPHONEOS_DEPLOYMENT_TARGET = 14.0;
				MTL_ENABLE_DEBUG_INFO = NO;
				MTL_FAST_MATH = YES;
				SDKROOT = iphoneos;
				SWIFT_COMPILATION_MODE = wholemodule;
				SWIFT_OPTIMIZATION_LEVEL = "-O";
				VALIDATE_PRODUCT = YES;
			};
			name = Release;
		};
		74AC63EF2843C6EC00CAE0F5 /* Debug */ = {
			isa = XCBuildConfiguration;
			buildSettings = {
				ASSETCATALOG_COMPILER_APPICON_NAME = AppIcon;
				ASSETCATALOG_COMPILER_GLOBAL_ACCENT_COLOR_NAME = AccentColor;
				"CODE_SIGN_IDENTITY[sdk=iphoneos*]" = "iPhone Distribution";
				CODE_SIGN_STYLE = Manual;
				CURRENT_PROJECT_VERSION = 3;
				DEVELOPMENT_TEAM = "";
				"DEVELOPMENT_TEAM[sdk=iphoneos*]" = QZGF556L9S;
				GENERATE_INFOPLIST_FILE = YES;
				INFOPLIST_FILE = SeTime/Info.plist;
				INFOPLIST_KEY_LSApplicationCategoryType = "public.app-category.productivity";
				INFOPLIST_KEY_UIApplicationSupportsIndirectInputEvents = YES;
				INFOPLIST_KEY_UILaunchStoryboardName = LaunchScreen;
				INFOPLIST_KEY_UIStatusBarStyle = UIStatusBarStyleDefault;
				INFOPLIST_KEY_UISupportedInterfaceOrientations = UIInterfaceOrientationPortrait;
				INFOPLIST_KEY_UISupportedInterfaceOrientations_iPad = "UIInterfaceOrientationLandscapeLeft UIInterfaceOrientationLandscapeRight UIInterfaceOrientationPortrait UIInterfaceOrientationPortraitUpsideDown";
				IPHONEOS_DEPLOYMENT_TARGET = 14.0;
				LD_RUNPATH_SEARCH_PATHS = (
					"$(inherited)",
					"@executable_path/Frameworks",
				);
				MARKETING_VERSION = 1.1;
				PRODUCT_BUNDLE_IDENTIFIER = Ramil.Girfanov.SeTime;
				PRODUCT_NAME = "$(TARGET_NAME)";
				PROVISIONING_PROFILE_SPECIFIER = "";
				"PROVISIONING_PROFILE_SPECIFIER[sdk=iphoneos*]" = SeTimeStoreProfile;
				SUPPORTED_PLATFORMS = "iphoneos iphonesimulator";
				SUPPORTS_MACCATALYST = NO;
				SUPPORTS_MAC_DESIGNED_FOR_IPHONE_IPAD = NO;
				SWIFT_EMIT_LOC_STRINGS = YES;
				SWIFT_VERSION = 5.0;
				TARGETED_DEVICE_FAMILY = 1;
			};
			name = Debug;
		};
		74AC63F02843C6EC00CAE0F5 /* Release */ = {
			isa = XCBuildConfiguration;
			buildSettings = {
				ASSETCATALOG_COMPILER_APPICON_NAME = AppIcon;
				ASSETCATALOG_COMPILER_GLOBAL_ACCENT_COLOR_NAME = AccentColor;
				"CODE_SIGN_IDENTITY[sdk=iphoneos*]" = "iPhone Distribution";
				CODE_SIGN_STYLE = Manual;
				CURRENT_PROJECT_VERSION = 3;
				DEVELOPMENT_TEAM = "";
				"DEVELOPMENT_TEAM[sdk=iphoneos*]" = QZGF556L9S;
				GENERATE_INFOPLIST_FILE = YES;
				INFOPLIST_FILE = SeTime/Info.plist;
				INFOPLIST_KEY_LSApplicationCategoryType = "public.app-category.productivity";
				INFOPLIST_KEY_UIApplicationSupportsIndirectInputEvents = YES;
				INFOPLIST_KEY_UILaunchStoryboardName = LaunchScreen;
				INFOPLIST_KEY_UIStatusBarStyle = UIStatusBarStyleDefault;
				INFOPLIST_KEY_UISupportedInterfaceOrientations = UIInterfaceOrientationPortrait;
				INFOPLIST_KEY_UISupportedInterfaceOrientations_iPad = "UIInterfaceOrientationLandscapeLeft UIInterfaceOrientationLandscapeRight UIInterfaceOrientationPortrait UIInterfaceOrientationPortraitUpsideDown";
				IPHONEOS_DEPLOYMENT_TARGET = 14.0;
				LD_RUNPATH_SEARCH_PATHS = (
					"$(inherited)",
					"@executable_path/Frameworks",
				);
				MARKETING_VERSION = 1.1;
				PRODUCT_BUNDLE_IDENTIFIER = Ramil.Girfanov.SeTime;
				PRODUCT_NAME = "$(TARGET_NAME)";
				PROVISIONING_PROFILE_SPECIFIER = "";
				"PROVISIONING_PROFILE_SPECIFIER[sdk=iphoneos*]" = SeTimeStoreProfile;
				SUPPORTED_PLATFORMS = "iphoneos iphonesimulator";
				SUPPORTS_MACCATALYST = NO;
				SUPPORTS_MAC_DESIGNED_FOR_IPHONE_IPAD = NO;
				SWIFT_EMIT_LOC_STRINGS = YES;
				SWIFT_VERSION = 5.0;
				TARGETED_DEVICE_FAMILY = 1;
			};
			name = Release;
		};
/* End XCBuildConfiguration section */

/* Begin XCConfigurationList section */
		74AC63D52843C6EB00CAE0F5 /* Build configuration list for PBXProject "SeTime" */ = {
			isa = XCConfigurationList;
			buildConfigurations = (
				74AC63EC2843C6EC00CAE0F5 /* Debug */,
				74AC63ED2843C6EC00CAE0F5 /* Release */,
			);
			defaultConfigurationIsVisible = 0;
			defaultConfigurationName = Release;
		};
		74AC63EE2843C6EC00CAE0F5 /* Build configuration list for PBXNativeTarget "SeTime" */ = {
			isa = XCConfigurationList;
			buildConfigurations = (
				74AC63EF2843C6EC00CAE0F5 /* Debug */,
				74AC63F02843C6EC00CAE0F5 /* Release */,
			);
			defaultConfigurationIsVisible = 0;
			defaultConfigurationName = Release;
		};
/* End XCConfigurationList section */

/* Begin XCRemoteSwiftPackageReference section */
		74C8C8D029321A050016F655 /* XCRemoteSwiftPackageReference "realm-swift" */ = {
			isa = XCRemoteSwiftPackageReference;
			repositoryURL = "https://github.com/realm/realm-swift.git";
			requirement = {
				kind = upToNextMajorVersion;
				minimumVersion = 10.32.3;
			};
		};
/* End XCRemoteSwiftPackageReference section */

/* Begin XCSwiftPackageProductDependency section */
		74C8C8D129321A050016F655 /* Realm */ = {
			isa = XCSwiftPackageProductDependency;
			package = 74C8C8D029321A050016F655 /* XCRemoteSwiftPackageReference "realm-swift" */;
			productName = Realm;
		};
		74C8C8D329321A050016F655 /* RealmSwift */ = {
			isa = XCSwiftPackageProductDependency;
			package = 74C8C8D029321A050016F655 /* XCRemoteSwiftPackageReference "realm-swift" */;
			productName = RealmSwift;
		};
/* End XCSwiftPackageProductDependency section */
	};
	rootObject = 74AC63D22843C6EB00CAE0F5 /* Project object */;
}
