// !$*UTF8*$!
{
	archiveVersion = 1;
	classes = {
	};
	objectVersion = 55;
	objects = {

/* Begin PBXBuildFile section */
		74052BC2297DA1F90079E533 /* ext AddTaskScreen.swift in Sources */ = {isa = PBXBuildFile; fileRef = 74052B8F297DA1F90079E533 /* ext AddTaskScreen.swift */; };
		74052BC4297DA1F90079E533 /* AddTaskScreen.swift in Sources */ = {isa = PBXBuildFile; fileRef = 74052B92297DA1F90079E533 /* AddTaskScreen.swift */; };
		74052BD9297DA1F90079E533 /* MainScreenVC.swift in Sources */ = {isa = PBXBuildFile; fileRef = 74052BB9297DA1F90079E533 /* MainScreenVC.swift */; };
		74052BDA297DA1F90079E533 /* ext EditTasksProtocol.swift in Sources */ = {isa = PBXBuildFile; fileRef = 74052BBA297DA1F90079E533 /* ext EditTasksProtocol.swift */; };
		74052BDB297DA1F90079E533 /* ext MainScreen.swift in Sources */ = {isa = PBXBuildFile; fileRef = 74052BBB297DA1F90079E533 /* ext MainScreen.swift */; };
		74052BDC297DA1F90079E533 /* ext NC + UNC.swift in Sources */ = {isa = PBXBuildFile; fileRef = 74052BBC297DA1F90079E533 /* ext NC + UNC.swift */; };
		74052BDE297DA1F90079E533 /* ext SaveTasksProtocol.swift in Sources */ = {isa = PBXBuildFile; fileRef = 74052BBE297DA1F90079E533 /* ext SaveTasksProtocol.swift */; };
		74052BDF297DA1F90079E533 /* ext AddTasksProtocol.swift in Sources */ = {isa = PBXBuildFile; fileRef = 74052BBF297DA1F90079E533 /* ext AddTasksProtocol.swift */; };
		74052BE0297DA1F90079E533 /* MainScreen.swift in Sources */ = {isa = PBXBuildFile; fileRef = 74052BC1297DA1F90079E533 /* MainScreen.swift */; };
		74052BE4297DA2C70079E533 /* AddTaskScreenVC.swift in Sources */ = {isa = PBXBuildFile; fileRef = 74052BE1297DA2C70079E533 /* AddTaskScreenVC.swift */; };
		74052BE9297DA3270079E533 /* ext HSVC SaveTasksProtocol.swift in Sources */ = {isa = PBXBuildFile; fileRef = 74052BE7297DA3270079E533 /* ext HSVC SaveTasksProtocol.swift */; };
		74052BEA297DA3270079E533 /* ext HSVC EditTasksProtocol.swift in Sources */ = {isa = PBXBuildFile; fileRef = 74052BE8297DA3270079E533 /* ext HSVC EditTasksProtocol.swift */; };
		74052BEC297DA3530079E533 /* HistoryScrean.swift in Sources */ = {isa = PBXBuildFile; fileRef = 74052BEB297DA3530079E533 /* HistoryScrean.swift */; };
		74052BEF297DA36C0079E533 /* HistoryScreenVC.swift in Sources */ = {isa = PBXBuildFile; fileRef = 74052BED297DA36C0079E533 /* HistoryScreenVC.swift */; };
		74052BF0297DA36C0079E533 /* ext HistoryScreen.swift in Sources */ = {isa = PBXBuildFile; fileRef = 74052BEE297DA36C0079E533 /* ext HistoryScreen.swift */; };
		74052BF6297DA3DE0079E533 /* DatePickerScreen.swift in Sources */ = {isa = PBXBuildFile; fileRef = 74052BF5297DA3DE0079E533 /* DatePickerScreen.swift */; };
		74052BF9297DA3F20079E533 /* DatePickerVC.swift in Sources */ = {isa = PBXBuildFile; fileRef = 74052BF7297DA3F20079E533 /* DatePickerVC.swift */; };
		74052BFA297DA3F20079E533 /* ext DatePickerScreen.swift in Sources */ = {isa = PBXBuildFile; fileRef = 74052BF8297DA3F20079E533 /* ext DatePickerScreen.swift */; };
		74052BFC297DA4390079E533 /* DefinitionTaskScreen.swift in Sources */ = {isa = PBXBuildFile; fileRef = 74052BFB297DA4390079E533 /* DefinitionTaskScreen.swift */; };
		74052BFF297DA4430079E533 /* DefinitionTaskScreenVC.swift in Sources */ = {isa = PBXBuildFile; fileRef = 74052BFD297DA4430079E533 /* DefinitionTaskScreenVC.swift */; };
		74052C00297DA4430079E533 /* ext DefinitionTaskScreen.swift in Sources */ = {isa = PBXBuildFile; fileRef = 74052BFE297DA4430079E533 /* ext DefinitionTaskScreen.swift */; };
		74052C02297DA46F0079E533 /* SettingsScreen.swift in Sources */ = {isa = PBXBuildFile; fileRef = 74052C01297DA46F0079E533 /* SettingsScreen.swift */; };
		74052C04297DA4C10079E533 /* SettingsScreenVC.swift in Sources */ = {isa = PBXBuildFile; fileRef = 74052C03297DA4C10079E533 /* SettingsScreenVC.swift */; };
		74052C06297DA5030079E533 /* ext SettingsScreen.swift in Sources */ = {isa = PBXBuildFile; fileRef = 74052C05297DA5030079E533 /* ext SettingsScreen.swift */; };
		74052C08297DA5240079E533 /* ext UNC.swift in Sources */ = {isa = PBXBuildFile; fileRef = 74052C07297DA5240079E533 /* ext UNC.swift */; };
		74052C0A297DA57D0079E533 /* EditTaskScreen.swift in Sources */ = {isa = PBXBuildFile; fileRef = 74052C09297DA57D0079E533 /* EditTaskScreen.swift */; };
		74052C0D297DA58E0079E533 /* ext EditTaskScreen.swift in Sources */ = {isa = PBXBuildFile; fileRef = 74052C0B297DA58E0079E533 /* ext EditTaskScreen.swift */; };
		74052C0E297DA58E0079E533 /* EditTaskScreenVC.swift in Sources */ = {isa = PBXBuildFile; fileRef = 74052C0C297DA58E0079E533 /* EditTaskScreenVC.swift */; };
		74052C11297DA5AF0079E533 /* ViewForTimeReview.swift in Sources */ = {isa = PBXBuildFile; fileRef = 74052C0F297DA5AF0079E533 /* ViewForTimeReview.swift */; };
		74052C12297DA5AF0079E533 /* TaskCell.swift in Sources */ = {isa = PBXBuildFile; fileRef = 74052C10297DA5AF0079E533 /* TaskCell.swift */; };
		74052C14297DC8840079E533 /* TabBarController.swift in Sources */ = {isa = PBXBuildFile; fileRef = 74052C13297DC8840079E533 /* TabBarController.swift */; };
		74052C1B297DD4CC0079E533 /* TaskListCell.swift in Sources */ = {isa = PBXBuildFile; fileRef = 74052C1A297DD4CC0079E533 /* TaskListCell.swift */; };
		74052C1F297DD8090079E533 /* TaskListScreenVC.swift in Sources */ = {isa = PBXBuildFile; fileRef = 74052C1E297DD8090079E533 /* TaskListScreenVC.swift */; };
		74052C21297DD9110079E533 /* TaskListScreen.swift in Sources */ = {isa = PBXBuildFile; fileRef = 74052C20297DD9110079E533 /* TaskListScreen.swift */; };
		74052C23297DEA650079E533 /* ext TaskListScreen.swift in Sources */ = {isa = PBXBuildFile; fileRef = 74052C22297DEA650079E533 /* ext TaskListScreen.swift */; };
		74052C27297DFC110079E533 /* ext AddTaskListProtocol.swift in Sources */ = {isa = PBXBuildFile; fileRef = 74052C26297DFC110079E533 /* ext AddTaskListProtocol.swift */; };
		74052C29297DFE530079E533 /* ext EditTaskListProtocol.swift in Sources */ = {isa = PBXBuildFile; fileRef = 74052C28297DFE530079E533 /* ext EditTaskListProtocol.swift */; };
		74052C2B297E008F0079E533 /* ext SaveTaskListProtocol.swift in Sources */ = {isa = PBXBuildFile; fileRef = 74052C2A297E008F0079E533 /* ext SaveTaskListProtocol.swift */; };
		7408034B290AA260002AB91D /* Model.swift in Sources */ = {isa = PBXBuildFile; fileRef = 7408034A290AA260002AB91D /* Model.swift */; };
		741FDF082921653B00F36193 /* DataObjects.swift in Sources */ = {isa = PBXBuildFile; fileRef = 741FDF072921653B00F36193 /* DataObjects.swift */; };
		741FDF0C2921701D00F36193 /* RealmManager.swift in Sources */ = {isa = PBXBuildFile; fileRef = 741FDF0B2921701D00F36193 /* RealmManager.swift */; };
		7438FFF3294D320D00EB250A /* Keyboard.swift in Sources */ = {isa = PBXBuildFile; fileRef = 7438FFF2294D320D00EB250A /* Keyboard.swift */; };
		7438FFF7294FC95A00EB250A /* Notifications Settings.plist in Resources */ = {isa = PBXBuildFile; fileRef = 7438FFF6294FC95A00EB250A /* Notifications Settings.plist */; };
		74C8C8D229321A050016F655 /* Realm in Frameworks */ = {isa = PBXBuildFile; productRef = 74C8C8D129321A050016F655 /* Realm */; };
		74C8C8D429321A050016F655 /* RealmSwift in Frameworks */ = {isa = PBXBuildFile; productRef = 74C8C8D329321A050016F655 /* RealmSwift */; };
		74CCA8AA292FEF9D000D6B32 /* Localizable.strings in Resources */ = {isa = PBXBuildFile; fileRef = 74CCA8AC292FEF9D000D6B32 /* Localizable.strings */; };
		74ED60C0286593E50008B57C /* Assets.xcassets in Resources */ = {isa = PBXBuildFile; fileRef = 74ED60B7286593E50008B57C /* Assets.xcassets */; };
		74ED60C1286593E50008B57C /* LaunchScreen.storyboard in Resources */ = {isa = PBXBuildFile; fileRef = 74ED60B8286593E50008B57C /* LaunchScreen.storyboard */; };
		74ED60C2286593E50008B57C /* AppDelegate.swift in Sources */ = {isa = PBXBuildFile; fileRef = 74ED60BA286593E50008B57C /* AppDelegate.swift */; };
		74ED60C3286593E50008B57C /* SceneDelegate.swift in Sources */ = {isa = PBXBuildFile; fileRef = 74ED60BB286593E50008B57C /* SceneDelegate.swift */; };
		74ED60C4286593E50008B57C /* Constants.swift in Sources */ = {isa = PBXBuildFile; fileRef = 74ED60BD286593E50008B57C /* Constants.swift */; };
/* End PBXBuildFile section */

/* Begin PBXFileReference section */
		74052B8F297DA1F90079E533 /* ext AddTaskScreen.swift */ = {isa = PBXFileReference; fileEncoding = 4; lastKnownFileType = sourcecode.swift; path = "ext AddTaskScreen.swift"; sourceTree = "<group>"; };
		74052B92297DA1F90079E533 /* AddTaskScreen.swift */ = {isa = PBXFileReference; fileEncoding = 4; lastKnownFileType = sourcecode.swift; path = AddTaskScreen.swift; sourceTree = "<group>"; };
		74052BB9297DA1F90079E533 /* MainScreenVC.swift */ = {isa = PBXFileReference; fileEncoding = 4; lastKnownFileType = sourcecode.swift; path = MainScreenVC.swift; sourceTree = "<group>"; };
		74052BBA297DA1F90079E533 /* ext EditTasksProtocol.swift */ = {isa = PBXFileReference; fileEncoding = 4; lastKnownFileType = sourcecode.swift; path = "ext EditTasksProtocol.swift"; sourceTree = "<group>"; };
		74052BBB297DA1F90079E533 /* ext MainScreen.swift */ = {isa = PBXFileReference; fileEncoding = 4; lastKnownFileType = sourcecode.swift; path = "ext MainScreen.swift"; sourceTree = "<group>"; };
		74052BBC297DA1F90079E533 /* ext NC + UNC.swift */ = {isa = PBXFileReference; fileEncoding = 4; lastKnownFileType = sourcecode.swift; path = "ext NC + UNC.swift"; sourceTree = "<group>"; };
		74052BBE297DA1F90079E533 /* ext SaveTasksProtocol.swift */ = {isa = PBXFileReference; fileEncoding = 4; lastKnownFileType = sourcecode.swift; path = "ext SaveTasksProtocol.swift"; sourceTree = "<group>"; };
		74052BBF297DA1F90079E533 /* ext AddTasksProtocol.swift */ = {isa = PBXFileReference; fileEncoding = 4; lastKnownFileType = sourcecode.swift; path = "ext AddTasksProtocol.swift"; sourceTree = "<group>"; };
		74052BC1297DA1F90079E533 /* MainScreen.swift */ = {isa = PBXFileReference; fileEncoding = 4; lastKnownFileType = sourcecode.swift; path = MainScreen.swift; sourceTree = "<group>"; };
		74052BE1297DA2C70079E533 /* AddTaskScreenVC.swift */ = {isa = PBXFileReference; fileEncoding = 4; lastKnownFileType = sourcecode.swift; path = AddTaskScreenVC.swift; sourceTree = "<group>"; };
		74052BE7297DA3270079E533 /* ext HSVC SaveTasksProtocol.swift */ = {isa = PBXFileReference; fileEncoding = 4; lastKnownFileType = sourcecode.swift; path = "ext HSVC SaveTasksProtocol.swift"; sourceTree = "<group>"; };
		74052BE8297DA3270079E533 /* ext HSVC EditTasksProtocol.swift */ = {isa = PBXFileReference; fileEncoding = 4; lastKnownFileType = sourcecode.swift; path = "ext HSVC EditTasksProtocol.swift"; sourceTree = "<group>"; };
		74052BEB297DA3530079E533 /* HistoryScrean.swift */ = {isa = PBXFileReference; fileEncoding = 4; lastKnownFileType = sourcecode.swift; path = HistoryScrean.swift; sourceTree = "<group>"; };
		74052BED297DA36C0079E533 /* HistoryScreenVC.swift */ = {isa = PBXFileReference; fileEncoding = 4; lastKnownFileType = sourcecode.swift; path = HistoryScreenVC.swift; sourceTree = "<group>"; };
		74052BEE297DA36C0079E533 /* ext HistoryScreen.swift */ = {isa = PBXFileReference; fileEncoding = 4; lastKnownFileType = sourcecode.swift; path = "ext HistoryScreen.swift"; sourceTree = "<group>"; };
		74052BF5297DA3DE0079E533 /* DatePickerScreen.swift */ = {isa = PBXFileReference; fileEncoding = 4; lastKnownFileType = sourcecode.swift; path = DatePickerScreen.swift; sourceTree = "<group>"; };
		74052BF7297DA3F20079E533 /* DatePickerVC.swift */ = {isa = PBXFileReference; fileEncoding = 4; lastKnownFileType = sourcecode.swift; path = DatePickerVC.swift; sourceTree = "<group>"; };
		74052BF8297DA3F20079E533 /* ext DatePickerScreen.swift */ = {isa = PBXFileReference; fileEncoding = 4; lastKnownFileType = sourcecode.swift; path = "ext DatePickerScreen.swift"; sourceTree = "<group>"; };
		74052BFB297DA4390079E533 /* DefinitionTaskScreen.swift */ = {isa = PBXFileReference; fileEncoding = 4; lastKnownFileType = sourcecode.swift; path = DefinitionTaskScreen.swift; sourceTree = "<group>"; };
		74052BFD297DA4430079E533 /* DefinitionTaskScreenVC.swift */ = {isa = PBXFileReference; fileEncoding = 4; lastKnownFileType = sourcecode.swift; path = DefinitionTaskScreenVC.swift; sourceTree = "<group>"; };
		74052BFE297DA4430079E533 /* ext DefinitionTaskScreen.swift */ = {isa = PBXFileReference; fileEncoding = 4; lastKnownFileType = sourcecode.swift; path = "ext DefinitionTaskScreen.swift"; sourceTree = "<group>"; };
		74052C01297DA46F0079E533 /* SettingsScreen.swift */ = {isa = PBXFileReference; fileEncoding = 4; lastKnownFileType = sourcecode.swift; path = SettingsScreen.swift; sourceTree = "<group>"; };
		74052C03297DA4C10079E533 /* SettingsScreenVC.swift */ = {isa = PBXFileReference; fileEncoding = 4; lastKnownFileType = sourcecode.swift; path = SettingsScreenVC.swift; sourceTree = "<group>"; };
		74052C05297DA5030079E533 /* ext SettingsScreen.swift */ = {isa = PBXFileReference; fileEncoding = 4; lastKnownFileType = sourcecode.swift; path = "ext SettingsScreen.swift"; sourceTree = "<group>"; };
		74052C07297DA5240079E533 /* ext UNC.swift */ = {isa = PBXFileReference; fileEncoding = 4; lastKnownFileType = sourcecode.swift; path = "ext UNC.swift"; sourceTree = "<group>"; };
		74052C09297DA57D0079E533 /* EditTaskScreen.swift */ = {isa = PBXFileReference; fileEncoding = 4; lastKnownFileType = sourcecode.swift; path = EditTaskScreen.swift; sourceTree = "<group>"; };
		74052C0B297DA58E0079E533 /* ext EditTaskScreen.swift */ = {isa = PBXFileReference; fileEncoding = 4; lastKnownFileType = sourcecode.swift; path = "ext EditTaskScreen.swift"; sourceTree = "<group>"; };
		74052C0C297DA58E0079E533 /* EditTaskScreenVC.swift */ = {isa = PBXFileReference; fileEncoding = 4; lastKnownFileType = sourcecode.swift; path = EditTaskScreenVC.swift; sourceTree = "<group>"; };
		74052C0F297DA5AF0079E533 /* ViewForTimeReview.swift */ = {isa = PBXFileReference; fileEncoding = 4; lastKnownFileType = sourcecode.swift; path = ViewForTimeReview.swift; sourceTree = "<group>"; };
		74052C10297DA5AF0079E533 /* TaskCell.swift */ = {isa = PBXFileReference; fileEncoding = 4; lastKnownFileType = sourcecode.swift; path = TaskCell.swift; sourceTree = "<group>"; };
		74052C13297DC8840079E533 /* TabBarController.swift */ = {isa = PBXFileReference; lastKnownFileType = sourcecode.swift; path = TabBarController.swift; sourceTree = "<group>"; };
		74052C1A297DD4CC0079E533 /* TaskListCell.swift */ = {isa = PBXFileReference; lastKnownFileType = sourcecode.swift; path = TaskListCell.swift; sourceTree = "<group>"; };
		74052C1E297DD8090079E533 /* TaskListScreenVC.swift */ = {isa = PBXFileReference; lastKnownFileType = sourcecode.swift; path = TaskListScreenVC.swift; sourceTree = "<group>"; };
		74052C20297DD9110079E533 /* TaskListScreen.swift */ = {isa = PBXFileReference; lastKnownFileType = sourcecode.swift; path = TaskListScreen.swift; sourceTree = "<group>"; };
		74052C22297DEA650079E533 /* ext TaskListScreen.swift */ = {isa = PBXFileReference; lastKnownFileType = sourcecode.swift; path = "ext TaskListScreen.swift"; sourceTree = "<group>"; };
		74052C26297DFC110079E533 /* ext AddTaskListProtocol.swift */ = {isa = PBXFileReference; lastKnownFileType = sourcecode.swift; path = "ext AddTaskListProtocol.swift"; sourceTree = "<group>"; };
		74052C28297DFE530079E533 /* ext EditTaskListProtocol.swift */ = {isa = PBXFileReference; lastKnownFileType = sourcecode.swift; path = "ext EditTaskListProtocol.swift"; sourceTree = "<group>"; };
		74052C2A297E008F0079E533 /* ext SaveTaskListProtocol.swift */ = {isa = PBXFileReference; lastKnownFileType = sourcecode.swift; path = "ext SaveTaskListProtocol.swift"; sourceTree = "<group>"; };
		7408034A290AA260002AB91D /* Model.swift */ = {isa = PBXFileReference; lastKnownFileType = sourcecode.swift; path = Model.swift; sourceTree = "<group>"; };
		741FDF072921653B00F36193 /* DataObjects.swift */ = {isa = PBXFileReference; lastKnownFileType = sourcecode.swift; path = DataObjects.swift; sourceTree = "<group>"; };
		741FDF0B2921701D00F36193 /* RealmManager.swift */ = {isa = PBXFileReference; lastKnownFileType = sourcecode.swift; path = RealmManager.swift; sourceTree = "<group>"; };
		7438FFF2294D320D00EB250A /* Keyboard.swift */ = {isa = PBXFileReference; lastKnownFileType = sourcecode.swift; path = Keyboard.swift; sourceTree = "<group>"; };
		7438FFF6294FC95A00EB250A /* Notifications Settings.plist */ = {isa = PBXFileReference; lastKnownFileType = text.plist.xml; path = "Notifications Settings.plist"; sourceTree = "<group>"; };
		74AC63DA2843C6EB00CAE0F5 /* SeTime.app */ = {isa = PBXFileReference; explicitFileType = wrapper.application; includeInIndex = 0; path = SeTime.app; sourceTree = BUILT_PRODUCTS_DIR; };
		74AC63EB2843C6EC00CAE0F5 /* Info.plist */ = {isa = PBXFileReference; lastKnownFileType = text.plist.xml; path = Info.plist; sourceTree = "<group>"; };
		74CCA8AB292FEF9D000D6B32 /* en */ = {isa = PBXFileReference; lastKnownFileType = text.plist.strings; name = en; path = en.lproj/Localizable.strings; sourceTree = "<group>"; };
		74CCA8AD292FEFBF000D6B32 /* ru */ = {isa = PBXFileReference; lastKnownFileType = text.plist.strings; name = ru; path = ru.lproj/Localizable.strings; sourceTree = "<group>"; };
		74ED60B7286593E50008B57C /* Assets.xcassets */ = {isa = PBXFileReference; lastKnownFileType = folder.assetcatalog; path = Assets.xcassets; sourceTree = "<group>"; };
		74ED60B9286593E50008B57C /* Base */ = {isa = PBXFileReference; lastKnownFileType = file.storyboard; name = Base; path = Base.lproj/LaunchScreen.storyboard; sourceTree = "<group>"; };
		74ED60BA286593E50008B57C /* AppDelegate.swift */ = {isa = PBXFileReference; fileEncoding = 4; lastKnownFileType = sourcecode.swift; path = AppDelegate.swift; sourceTree = "<group>"; };
		74ED60BB286593E50008B57C /* SceneDelegate.swift */ = {isa = PBXFileReference; fileEncoding = 4; lastKnownFileType = sourcecode.swift; path = SceneDelegate.swift; sourceTree = "<group>"; };
		74ED60BD286593E50008B57C /* Constants.swift */ = {isa = PBXFileReference; fileEncoding = 4; lastKnownFileType = sourcecode.swift; path = Constants.swift; sourceTree = "<group>"; };
/* End PBXFileReference section */

/* Begin PBXFrameworksBuildPhase section */
		74AC63D72843C6EB00CAE0F5 /* Frameworks */ = {
			isa = PBXFrameworksBuildPhase;
			buildActionMask = 2147483647;
			files = (
				74C8C8D429321A050016F655 /* RealmSwift in Frameworks */,
				74C8C8D229321A050016F655 /* Realm in Frameworks */,
			);
			runOnlyForDeploymentPostprocessing = 0;
		};
/* End PBXFrameworksBuildPhase section */

/* Begin PBXGroup section */
		74052B8C297DA1F90079E533 /* Views Controllers */ = {
			isa = PBXGroup;
			children = (
				74052BB4297DA1F90079E533 /* Custom Views */,
				74052BB7297DA1F90079E533 /* Main screen */,
				74052BA7297DA1F90079E533 /* Setting Screen */,
				74052B8D297DA1F90079E533 /* Add Task Screen */,
				74052BA1297DA1F90079E533 /* Definition Task Screen */,
				74052BAE297DA1F90079E533 /* Edit Task Screen */,
				74052B9B297DA1F90079E533 /* DatePicker Screen */,
				74052B93297DA1F90079E533 /* History Screen */,
				74052C15297DD2CF0079E533 /* List Screen */,
			);
			name = "Views Controllers";
			path = "SeTime/Views Controllers";
			sourceTree = SOURCE_ROOT;
		};
		74052B8D297DA1F90079E533 /* Add Task Screen */ = {
			isa = PBXGroup;
			children = (
				74052B91297DA1F90079E533 /* View */,
				74052B8E297DA1F90079E533 /* Controller */,
			);
			path = "Add Task Screen";
			sourceTree = "<group>";
		};
		74052B8E297DA1F90079E533 /* Controller */ = {
			isa = PBXGroup;
			children = (
				74052BE1297DA2C70079E533 /* AddTaskScreenVC.swift */,
				74052B8F297DA1F90079E533 /* ext AddTaskScreen.swift */,
			);
			path = Controller;
			sourceTree = "<group>";
		};
		74052B91297DA1F90079E533 /* View */ = {
			isa = PBXGroup;
			children = (
				74052B92297DA1F90079E533 /* AddTaskScreen.swift */,
			);
			path = View;
			sourceTree = "<group>";
		};
		74052B93297DA1F90079E533 /* History Screen */ = {
			isa = PBXGroup;
			children = (
				74052B99297DA1F90079E533 /* View */,
				74052B94297DA1F90079E533 /* Controller */,
			);
			path = "History Screen";
			sourceTree = "<group>";
		};
		74052B94297DA1F90079E533 /* Controller */ = {
			isa = PBXGroup;
			children = (
				74052BED297DA36C0079E533 /* HistoryScreenVC.swift */,
				74052BEE297DA36C0079E533 /* ext HistoryScreen.swift */,
				74052BE8297DA3270079E533 /* ext HSVC EditTasksProtocol.swift */,
				74052BE7297DA3270079E533 /* ext HSVC SaveTasksProtocol.swift */,
			);
			path = Controller;
			sourceTree = "<group>";
		};
		74052B99297DA1F90079E533 /* View */ = {
			isa = PBXGroup;
			children = (
				74052BEB297DA3530079E533 /* HistoryScrean.swift */,
			);
			path = View;
			sourceTree = "<group>";
		};
		74052B9B297DA1F90079E533 /* DatePicker Screen */ = {
			isa = PBXGroup;
			children = (
				74052B9F297DA1F90079E533 /* View */,
				74052B9C297DA1F90079E533 /* Controller */,
			);
			path = "DatePicker Screen";
			sourceTree = "<group>";
		};
		74052B9C297DA1F90079E533 /* Controller */ = {
			isa = PBXGroup;
			children = (
				74052BF7297DA3F20079E533 /* DatePickerVC.swift */,
				74052BF8297DA3F20079E533 /* ext DatePickerScreen.swift */,
			);
			path = Controller;
			sourceTree = "<group>";
		};
		74052B9F297DA1F90079E533 /* View */ = {
			isa = PBXGroup;
			children = (
				74052BF5297DA3DE0079E533 /* DatePickerScreen.swift */,
			);
			path = View;
			sourceTree = "<group>";
		};
		74052BA1297DA1F90079E533 /* Definition Task Screen */ = {
			isa = PBXGroup;
			children = (
				74052BA5297DA1F90079E533 /* View */,
				74052BA2297DA1F90079E533 /* Controller */,
			);
			path = "Definition Task Screen";
			sourceTree = "<group>";
		};
		74052BA2297DA1F90079E533 /* Controller */ = {
			isa = PBXGroup;
			children = (
				74052BFD297DA4430079E533 /* DefinitionTaskScreenVC.swift */,
				74052BFE297DA4430079E533 /* ext DefinitionTaskScreen.swift */,
			);
			path = Controller;
			sourceTree = "<group>";
		};
		74052BA5297DA1F90079E533 /* View */ = {
			isa = PBXGroup;
			children = (
				74052BFB297DA4390079E533 /* DefinitionTaskScreen.swift */,
			);
			path = View;
			sourceTree = "<group>";
		};
		74052BA7297DA1F90079E533 /* Setting Screen */ = {
			isa = PBXGroup;
			children = (
				74052BAC297DA1F90079E533 /* View */,
				74052BA8297DA1F90079E533 /* Controller */,
			);
			path = "Setting Screen";
			sourceTree = "<group>";
		};
		74052BA8297DA1F90079E533 /* Controller */ = {
			isa = PBXGroup;
			children = (
				74052C03297DA4C10079E533 /* SettingsScreenVC.swift */,
				74052C05297DA5030079E533 /* ext SettingsScreen.swift */,
				74052C07297DA5240079E533 /* ext UNC.swift */,
			);
			path = Controller;
			sourceTree = "<group>";
		};
		74052BAC297DA1F90079E533 /* View */ = {
			isa = PBXGroup;
			children = (
				74052C01297DA46F0079E533 /* SettingsScreen.swift */,
			);
			path = View;
			sourceTree = "<group>";
		};
		74052BAE297DA1F90079E533 /* Edit Task Screen */ = {
			isa = PBXGroup;
			children = (
				74052BB2297DA1F90079E533 /* View */,
				74052BAF297DA1F90079E533 /* Controller */,
			);
			path = "Edit Task Screen";
			sourceTree = "<group>";
		};
		74052BAF297DA1F90079E533 /* Controller */ = {
			isa = PBXGroup;
			children = (
				74052C0C297DA58E0079E533 /* EditTaskScreenVC.swift */,
				74052C0B297DA58E0079E533 /* ext EditTaskScreen.swift */,
			);
			path = Controller;
			sourceTree = "<group>";
		};
		74052BB2297DA1F90079E533 /* View */ = {
			isa = PBXGroup;
			children = (
				74052C09297DA57D0079E533 /* EditTaskScreen.swift */,
			);
			path = View;
			sourceTree = "<group>";
		};
		74052BB4297DA1F90079E533 /* Custom Views */ = {
			isa = PBXGroup;
			children = (
				74052C10297DA5AF0079E533 /* TaskCell.swift */,
				74052C0F297DA5AF0079E533 /* ViewForTimeReview.swift */,
			);
			path = "Custom Views";
			sourceTree = "<group>";
		};
		74052BB7297DA1F90079E533 /* Main screen */ = {
			isa = PBXGroup;
			children = (
				74052BC0297DA1F90079E533 /* View */,
				74052BB8297DA1F90079E533 /* Controller */,
			);
			path = "Main screen";
			sourceTree = "<group>";
		};
		74052BB8297DA1F90079E533 /* Controller */ = {
			isa = PBXGroup;
			children = (
				74052BB9297DA1F90079E533 /* MainScreenVC.swift */,
				74052BBB297DA1F90079E533 /* ext MainScreen.swift */,
				74052BBF297DA1F90079E533 /* ext AddTasksProtocol.swift */,
				74052BBA297DA1F90079E533 /* ext EditTasksProtocol.swift */,
				74052BBE297DA1F90079E533 /* ext SaveTasksProtocol.swift */,
				74052BBC297DA1F90079E533 /* ext NC + UNC.swift */,
			);
			path = Controller;
			sourceTree = "<group>";
		};
		74052BC0297DA1F90079E533 /* View */ = {
			isa = PBXGroup;
			children = (
				74052BC1297DA1F90079E533 /* MainScreen.swift */,
			);
			path = View;
			sourceTree = "<group>";
		};
		74052C15297DD2CF0079E533 /* List Screen */ = {
			isa = PBXGroup;
			children = (
				74052C17297DD2F10079E533 /* View */,
				74052C16297DD2EA0079E533 /* Controller */,
			);
			path = "List Screen";
			sourceTree = "<group>";
		};
		74052C16297DD2EA0079E533 /* Controller */ = {
			isa = PBXGroup;
			children = (
				74052C1E297DD8090079E533 /* TaskListScreenVC.swift */,
				74052C22297DEA650079E533 /* ext TaskListScreen.swift */,
				74052C26297DFC110079E533 /* ext AddTaskListProtocol.swift */,
				74052C28297DFE530079E533 /* ext EditTaskListProtocol.swift */,
				74052C2A297E008F0079E533 /* ext SaveTaskListProtocol.swift */,
			);
			path = Controller;
			sourceTree = "<group>";
		};
		74052C17297DD2F10079E533 /* View */ = {
			isa = PBXGroup;
			children = (
				74052C1A297DD4CC0079E533 /* TaskListCell.swift */,
				74052C20297DD9110079E533 /* TaskListScreen.swift */,
			);
			path = View;
			sourceTree = "<group>";
		};
		741FDF0A2921654E00F36193 /* Realm */ = {
			isa = PBXGroup;
			children = (
				741FDF072921653B00F36193 /* DataObjects.swift */,
				741FDF0B2921701D00F36193 /* RealmManager.swift */,
			);
			path = Realm;
			sourceTree = "<group>";
		};
		74378176297D60760082EAD7 /* System */ = {
			isa = PBXGroup;
			children = (
				74ED60BA286593E50008B57C /* AppDelegate.swift */,
				74ED60BB286593E50008B57C /* SceneDelegate.swift */,
				74052C13297DC8840079E533 /* TabBarController.swift */,
				7438FFF2294D320D00EB250A /* Keyboard.swift */,
			);
			path = System;
			sourceTree = "<group>";
		};
		74AC63D12843C6EB00CAE0F5 = {
			isa = PBXGroup;
			children = (
				74AC63DC2843C6EB00CAE0F5 /* SeTime */,
				74AC63DB2843C6EB00CAE0F5 /* Products */,
			);
			sourceTree = "<group>";
		};
		74AC63DB2843C6EB00CAE0F5 /* Products */ = {
			isa = PBXGroup;
			children = (
				74AC63DA2843C6EB00CAE0F5 /* SeTime.app */,
			);
			name = Products;
			sourceTree = "<group>";
		};
		74AC63DC2843C6EB00CAE0F5 /* SeTime */ = {
			isa = PBXGroup;
			children = (
				74378176297D60760082EAD7 /* System */,
				74ED60B6286593E50008B57C /* Resources */,
				74ED60CB286594C10008B57C /* Model */,
				74052B8C297DA1F90079E533 /* Views Controllers */,
				74AC63EB2843C6EC00CAE0F5 /* Info.plist */,
			);
			path = SeTime;
			sourceTree = "<group>";
		};
		74ED60B6286593E50008B57C /* Resources */ = {
			isa = PBXGroup;
			children = (
				74ED60BD286593E50008B57C /* Constants.swift */,
				74ED60B8286593E50008B57C /* LaunchScreen.storyboard */,
				74ED60B7286593E50008B57C /* Assets.xcassets */,
				7438FFF6294FC95A00EB250A /* Notifications Settings.plist */,
				74CCA8AC292FEF9D000D6B32 /* Localizable.strings */,
			);
			path = Resources;
			sourceTree = "<group>";
		};
		74ED60CB286594C10008B57C /* Model */ = {
			isa = PBXGroup;
			children = (
				7408034A290AA260002AB91D /* Model.swift */,
				741FDF0A2921654E00F36193 /* Realm */,
			);
			path = Model;
			sourceTree = "<group>";
		};
/* End PBXGroup section */

/* Begin PBXNativeTarget section */
		74AC63D92843C6EB00CAE0F5 /* SeTime */ = {
			isa = PBXNativeTarget;
			buildConfigurationList = 74AC63EE2843C6EC00CAE0F5 /* Build configuration list for PBXNativeTarget "SeTime" */;
			buildPhases = (
				74AC63D62843C6EB00CAE0F5 /* Sources */,
				74AC63D72843C6EB00CAE0F5 /* Frameworks */,
				74AC63D82843C6EB00CAE0F5 /* Resources */,
				7454C7E2299918D700BCB3A0 /* ShellScript */,
			);
			buildRules = (
			);
			dependencies = (
			);
			name = SeTime;
			packageProductDependencies = (
				74C8C8D129321A050016F655 /* Realm */,
				74C8C8D329321A050016F655 /* RealmSwift */,
			);
			productName = SeTime;
			productReference = 74AC63DA2843C6EB00CAE0F5 /* SeTime.app */;
			productType = "com.apple.product-type.application";
		};
/* End PBXNativeTarget section */

/* Begin PBXProject section */
		74AC63D22843C6EB00CAE0F5 /* Project object */ = {
			isa = PBXProject;
			attributes = {
				BuildIndependentTargetsInParallel = 1;
				LastSwiftUpdateCheck = 1340;
				LastUpgradeCheck = 1340;
				TargetAttributes = {
					74AC63D92843C6EB00CAE0F5 = {
						CreatedOnToolsVersion = 13.4;
					};
				};
			};
			buildConfigurationList = 74AC63D52843C6EB00CAE0F5 /* Build configuration list for PBXProject "SeTime" */;
			compatibilityVersion = "Xcode 13.0";
			developmentRegion = en;
			hasScannedForEncodings = 0;
			knownRegions = (
				en,
				Base,
				ru,
			);
			mainGroup = 74AC63D12843C6EB00CAE0F5;
			packageReferences = (
				74C8C8D029321A050016F655 /* XCRemoteSwiftPackageReference "realm-swift" */,
			);
			productRefGroup = 74AC63DB2843C6EB00CAE0F5 /* Products */;
			projectDirPath = "";
			projectRoot = "";
			targets = (
				74AC63D92843C6EB00CAE0F5 /* SeTime */,
			);
		};
/* End PBXProject section */

/* Begin PBXResourcesBuildPhase section */
		74AC63D82843C6EB00CAE0F5 /* Resources */ = {
			isa = PBXResourcesBuildPhase;
			buildActionMask = 2147483647;
			files = (
				74ED60C0286593E50008B57C /* Assets.xcassets in Resources */,
				74CCA8AA292FEF9D000D6B32 /* Localizable.strings in Resources */,
				7438FFF7294FC95A00EB250A /* Notifications Settings.plist in Resources */,
				74ED60C1286593E50008B57C /* LaunchScreen.storyboard in Resources */,
			);
			runOnlyForDeploymentPostprocessing = 0;
		};
/* End PBXResourcesBuildPhase section */

/* Begin PBXShellScriptBuildPhase section */
		7454C7E2299918D700BCB3A0 /* ShellScript */ = {
			isa = PBXShellScriptBuildPhase;
			buildActionMask = 2147483647;
			files = (
			);
			inputFileListPaths = (
			);
			inputPaths = (
			);
			outputFileListPaths = (
			);
			outputPaths = (
			);
			runOnlyForDeploymentPostprocessing = 0;
			shellPath = /bin/sh;
			shellScript = "# Type a script or drag a script file from your workspace to insert its path.\nexport PATH=\"$PATH:/opt/homebrew/bin\"\nif which swiftlint >/dev/null; then\n  swiftlint\nelse\n  echo \"error: SwiftLint does not exist, download it from https://github.com/realm/SwiftLint\"\n  exit 1\nfi\n";
		};
/* End PBXShellScriptBuildPhase section */

/* Begin PBXSourcesBuildPhase section */
		74AC63D62843C6EB00CAE0F5 /* Sources */ = {
			isa = PBXSourcesBuildPhase;
			buildActionMask = 2147483647;
			files = (
				74052BD9297DA1F90079E533 /* MainScreenVC.swift in Sources */,
				74052C21297DD9110079E533 /* TaskListScreen.swift in Sources */,
				74052BFC297DA4390079E533 /* DefinitionTaskScreen.swift in Sources */,
				74052BDB297DA1F90079E533 /* ext MainScreen.swift in Sources */,
				74052BEC297DA3530079E533 /* HistoryScrean.swift in Sources */,
				74052C29297DFE530079E533 /* ext EditTaskListProtocol.swift in Sources */,
				74052BDA297DA1F90079E533 /* ext EditTasksProtocol.swift in Sources */,
				741FDF082921653B00F36193 /* DataObjects.swift in Sources */,
				74052C02297DA46F0079E533 /* SettingsScreen.swift in Sources */,
				74052C06297DA5030079E533 /* ext SettingsScreen.swift in Sources */,
				74052BFA297DA3F20079E533 /* ext DatePickerScreen.swift in Sources */,
				741FDF0C2921701D00F36193 /* RealmManager.swift in Sources */,
				74052BE4297DA2C70079E533 /* AddTaskScreenVC.swift in Sources */,
				74052C27297DFC110079E533 /* ext AddTaskListProtocol.swift in Sources */,
				74052C04297DA4C10079E533 /* SettingsScreenVC.swift in Sources */,
				74052BFF297DA4430079E533 /* DefinitionTaskScreenVC.swift in Sources */,
				74052C0A297DA57D0079E533 /* EditTaskScreen.swift in Sources */,
				74052BEA297DA3270079E533 /* ext HSVC EditTasksProtocol.swift in Sources */,
				74052BE0297DA1F90079E533 /* MainScreen.swift in Sources */,
				74052BDE297DA1F90079E533 /* ext SaveTasksProtocol.swift in Sources */,
				74052BDC297DA1F90079E533 /* ext NC + UNC.swift in Sources */,
				74ED60C4286593E50008B57C /* Constants.swift in Sources */,
				74052C12297DA5AF0079E533 /* TaskCell.swift in Sources */,
				74052C1B297DD4CC0079E533 /* TaskListCell.swift in Sources */,
				74052BEF297DA36C0079E533 /* HistoryScreenVC.swift in Sources */,
				74052BC4297DA1F90079E533 /* AddTaskScreen.swift in Sources */,
				74052BDF297DA1F90079E533 /* ext AddTasksProtocol.swift in Sources */,
				74052BE9297DA3270079E533 /* ext HSVC SaveTasksProtocol.swift in Sources */,
				7408034B290AA260002AB91D /* Model.swift in Sources */,
				7438FFF3294D320D00EB250A /* Keyboard.swift in Sources */,
				74052C0D297DA58E0079E533 /* ext EditTaskScreen.swift in Sources */,
				74052C14297DC8840079E533 /* TabBarController.swift in Sources */,
				74ED60C2286593E50008B57C /* AppDelegate.swift in Sources */,
				74052C23297DEA650079E533 /* ext TaskListScreen.swift in Sources */,
				74ED60C3286593E50008B57C /* SceneDelegate.swift in Sources */,
				74052C2B297E008F0079E533 /* ext SaveTaskListProtocol.swift in Sources */,
				74052C00297DA4430079E533 /* ext DefinitionTaskScreen.swift in Sources */,
				74052BF0297DA36C0079E533 /* ext HistoryScreen.swift in Sources */,
				74052C08297DA5240079E533 /* ext UNC.swift in Sources */,
				74052C0E297DA58E0079E533 /* EditTaskScreenVC.swift in Sources */,
				74052BF9297DA3F20079E533 /* DatePickerVC.swift in Sources */,
				74052C1F297DD8090079E533 /* TaskListScreenVC.swift in Sources */,
				74052BF6297DA3DE0079E533 /* DatePickerScreen.swift in Sources */,
				74052C11297DA5AF0079E533 /* ViewForTimeReview.swift in Sources */,
				74052BC2297DA1F90079E533 /* ext AddTaskScreen.swift in Sources */,
			);
			runOnlyForDeploymentPostprocessing = 0;
		};
/* End PBXSourcesBuildPhase section */

/* Begin PBXVariantGroup section */
		74CCA8AC292FEF9D000D6B32 /* Localizable.strings */ = {
			isa = PBXVariantGroup;
			children = (
				74CCA8AB292FEF9D000D6B32 /* en */,
				74CCA8AD292FEFBF000D6B32 /* ru */,
			);
			name = Localizable.strings;
			sourceTree = "<group>";
		};
		74ED60B8286593E50008B57C /* LaunchScreen.storyboard */ = {
			isa = PBXVariantGroup;
			children = (
				74ED60B9286593E50008B57C /* Base */,
			);
			name = LaunchScreen.storyboard;
			sourceTree = "<group>";
		};
/* End PBXVariantGroup section */

/* Begin XCBuildConfiguration section */
		74AC63EC2843C6EC00CAE0F5 /* Debug */ = {
			isa = XCBuildConfiguration;
			buildSettings = {
				ALWAYS_SEARCH_USER_PATHS = NO;
				CLANG_ANALYZER_LOCALIZABILITY_NONLOCALIZED = YES;
				CLANG_ANALYZER_NONNULL = YES;
				CLANG_ANALYZER_NUMBER_OBJECT_CONVERSION = YES_AGGRESSIVE;
				CLANG_CXX_LANGUAGE_STANDARD = "gnu++17";
				CLANG_ENABLE_MODULES = YES;
				CLANG_ENABLE_OBJC_ARC = YES;
				CLANG_ENABLE_OBJC_WEAK = YES;
				CLANG_WARN_BLOCK_CAPTURE_AUTORELEASING = YES;
				CLANG_WARN_BOOL_CONVERSION = YES;
				CLANG_WARN_COMMA = YES;
				CLANG_WARN_CONSTANT_CONVERSION = YES;
				CLANG_WARN_DEPRECATED_OBJC_IMPLEMENTATIONS = YES;
				CLANG_WARN_DIRECT_OBJC_ISA_USAGE = YES_ERROR;
				CLANG_WARN_DOCUMENTATION_COMMENTS = YES;
				CLANG_WARN_EMPTY_BODY = YES;
				CLANG_WARN_ENUM_CONVERSION = YES;
				CLANG_WARN_INFINITE_RECURSION = YES;
				CLANG_WARN_INT_CONVERSION = YES;
				CLANG_WARN_NON_LITERAL_NULL_CONVERSION = YES;
				CLANG_WARN_OBJC_IMPLICIT_RETAIN_SELF = YES;
				CLANG_WARN_OBJC_LITERAL_CONVERSION = YES;
				CLANG_WARN_OBJC_ROOT_CLASS = YES_ERROR;
				CLANG_WARN_QUOTED_INCLUDE_IN_FRAMEWORK_HEADER = YES;
				CLANG_WARN_RANGE_LOOP_ANALYSIS = YES;
				CLANG_WARN_STRICT_PROTOTYPES = YES;
				CLANG_WARN_SUSPICIOUS_MOVE = YES;
				CLANG_WARN_UNGUARDED_AVAILABILITY = YES_AGGRESSIVE;
				CLANG_WARN_UNREACHABLE_CODE = YES;
				CLANG_WARN__DUPLICATE_METHOD_MATCH = YES;
				COPY_PHASE_STRIP = NO;
				DEBUG_INFORMATION_FORMAT = dwarf;
				ENABLE_STRICT_OBJC_MSGSEND = YES;
				ENABLE_TESTABILITY = YES;
				GCC_C_LANGUAGE_STANDARD = gnu11;
				GCC_DYNAMIC_NO_PIC = NO;
				GCC_NO_COMMON_BLOCKS = YES;
				GCC_OPTIMIZATION_LEVEL = 0;
				GCC_PREPROCESSOR_DEFINITIONS = (
					"DEBUG=1",
					"$(inherited)",
				);
				GCC_WARN_64_TO_32_BIT_CONVERSION = YES;
				GCC_WARN_ABOUT_RETURN_TYPE = YES_ERROR;
				GCC_WARN_UNDECLARED_SELECTOR = YES;
				GCC_WARN_UNINITIALIZED_AUTOS = YES_AGGRESSIVE;
				GCC_WARN_UNUSED_FUNCTION = YES;
				GCC_WARN_UNUSED_VARIABLE = YES;
				IPHONEOS_DEPLOYMENT_TARGET = 14.0;
				MTL_ENABLE_DEBUG_INFO = INCLUDE_SOURCE;
				MTL_FAST_MATH = YES;
				ONLY_ACTIVE_ARCH = YES;
				SDKROOT = iphoneos;
				SWIFT_ACTIVE_COMPILATION_CONDITIONS = DEBUG;
				SWIFT_OPTIMIZATION_LEVEL = "-Onone";
			};
			name = Debug;
		};
		74AC63ED2843C6EC00CAE0F5 /* Release */ = {
			isa = XCBuildConfiguration;
			buildSettings = {
				ALWAYS_SEARCH_USER_PATHS = NO;
				CLANG_ANALYZER_LOCALIZABILITY_NONLOCALIZED = YES;
				CLANG_ANALYZER_NONNULL = YES;
				CLANG_ANALYZER_NUMBER_OBJECT_CONVERSION = YES_AGGRESSIVE;
				CLANG_CXX_LANGUAGE_STANDARD = "gnu++17";
				CLANG_ENABLE_MODULES = YES;
				CLANG_ENABLE_OBJC_ARC = YES;
				CLANG_ENABLE_OBJC_WEAK = YES;
				CLANG_WARN_BLOCK_CAPTURE_AUTORELEASING = YES;
				CLANG_WARN_BOOL_CONVERSION = YES;
				CLANG_WARN_COMMA = YES;
				CLANG_WARN_CONSTANT_CONVERSION = YES;
				CLANG_WARN_DEPRECATED_OBJC_IMPLEMENTATIONS = YES;
				CLANG_WARN_DIRECT_OBJC_ISA_USAGE = YES_ERROR;
				CLANG_WARN_DOCUMENTATION_COMMENTS = YES;
				CLANG_WARN_EMPTY_BODY = YES;
				CLANG_WARN_ENUM_CONVERSION = YES;
				CLANG_WARN_INFINITE_RECURSION = YES;
				CLANG_WARN_INT_CONVERSION = YES;
				CLANG_WARN_NON_LITERAL_NULL_CONVERSION = YES;
				CLANG_WARN_OBJC_IMPLICIT_RETAIN_SELF = YES;
				CLANG_WARN_OBJC_LITERAL_CONVERSION = YES;
				CLANG_WARN_OBJC_ROOT_CLASS = YES_ERROR;
				CLANG_WARN_QUOTED_INCLUDE_IN_FRAMEWORK_HEADER = YES;
				CLANG_WARN_RANGE_LOOP_ANALYSIS = YES;
				CLANG_WARN_STRICT_PROTOTYPES = YES;
				CLANG_WARN_SUSPICIOUS_MOVE = YES;
				CLANG_WARN_UNGUARDED_AVAILABILITY = YES_AGGRESSIVE;
				CLANG_WARN_UNREACHABLE_CODE = YES;
				CLANG_WARN__DUPLICATE_METHOD_MATCH = YES;
				COPY_PHASE_STRIP = NO;
				DEBUG_INFORMATION_FORMAT = "dwarf-with-dsym";
				ENABLE_NS_ASSERTIONS = NO;
				ENABLE_STRICT_OBJC_MSGSEND = YES;
				GCC_C_LANGUAGE_STANDARD = gnu11;
				GCC_NO_COMMON_BLOCKS = YES;
				GCC_WARN_64_TO_32_BIT_CONVERSION = YES;
				GCC_WARN_ABOUT_RETURN_TYPE = YES_ERROR;
				GCC_WARN_UNDECLARED_SELECTOR = YES;
				GCC_WARN_UNINITIALIZED_AUTOS = YES_AGGRESSIVE;
				GCC_WARN_UNUSED_FUNCTION = YES;
				GCC_WARN_UNUSED_VARIABLE = YES;
				IPHONEOS_DEPLOYMENT_TARGET = 14.0;
				MTL_ENABLE_DEBUG_INFO = NO;
				MTL_FAST_MATH = YES;
				SDKROOT = iphoneos;
				SWIFT_COMPILATION_MODE = wholemodule;
				SWIFT_OPTIMIZATION_LEVEL = "-O";
				VALIDATE_PRODUCT = YES;
			};
			name = Release;
		};
		74AC63EF2843C6EC00CAE0F5 /* Debug */ = {
			isa = XCBuildConfiguration;
			buildSettings = {
				ASSETCATALOG_COMPILER_APPICON_NAME = AppIcon;
				ASSETCATALOG_COMPILER_GLOBAL_ACCENT_COLOR_NAME = AccentColor;
				"CODE_SIGN_IDENTITY[sdk=iphoneos*]" = "iPhone Distribution";
				CODE_SIGN_STYLE = Manual;
				CURRENT_PROJECT_VERSION = 2;
				DEVELOPMENT_TEAM = "";
				"DEVELOPMENT_TEAM[sdk=iphoneos*]" = QZGF556L9S;
				GENERATE_INFOPLIST_FILE = YES;
				INFOPLIST_FILE = SeTime/Info.plist;
				INFOPLIST_KEY_LSApplicationCategoryType = "public.app-category.productivity";
				INFOPLIST_KEY_UIApplicationSupportsIndirectInputEvents = YES;
				INFOPLIST_KEY_UILaunchStoryboardName = LaunchScreen.storyboard;
				INFOPLIST_KEY_UIStatusBarStyle = UIStatusBarStyleDefault;
				INFOPLIST_KEY_UISupportedInterfaceOrientations = UIInterfaceOrientationPortrait;
				INFOPLIST_KEY_UISupportedInterfaceOrientations_iPad = "UIInterfaceOrientationLandscapeLeft UIInterfaceOrientationLandscapeRight UIInterfaceOrientationPortrait UIInterfaceOrientationPortraitUpsideDown";
				IPHONEOS_DEPLOYMENT_TARGET = 14.0;
				LD_RUNPATH_SEARCH_PATHS = (
					"$(inherited)",
					"@executable_path/Frameworks",
				);
				MARKETING_VERSION = 2.2;
				PRODUCT_BUNDLE_IDENTIFIER = Ramil.Girfanov.SeTime;
				PRODUCT_NAME = "$(TARGET_NAME)";
				PROVISIONING_PROFILE_SPECIFIER = "";
				"PROVISIONING_PROFILE_SPECIFIER[sdk=iphoneos*]" = SeTimeStoreProfile;
				SUPPORTED_PLATFORMS = "iphoneos iphonesimulator";
				SUPPORTS_MACCATALYST = NO;
				SUPPORTS_MAC_DESIGNED_FOR_IPHONE_IPAD = NO;
				SWIFT_EMIT_LOC_STRINGS = YES;
				SWIFT_VERSION = 5.0;
				TARGETED_DEVICE_FAMILY = 1;
			};
			name = Debug;
		};
		74AC63F02843C6EC00CAE0F5 /* Release */ = {
			isa = XCBuildConfiguration;
			buildSettings = {
				ASSETCATALOG_COMPILER_APPICON_NAME = AppIcon;
				ASSETCATALOG_COMPILER_GLOBAL_ACCENT_COLOR_NAME = AccentColor;
				"CODE_SIGN_IDENTITY[sdk=iphoneos*]" = "iPhone Distribution";
				CODE_SIGN_STYLE = Manual;
				CURRENT_PROJECT_VERSION = 2;
				DEVELOPMENT_TEAM = "";
				"DEVELOPMENT_TEAM[sdk=iphoneos*]" = QZGF556L9S;
				GENERATE_INFOPLIST_FILE = YES;
				INFOPLIST_FILE = SeTime/Info.plist;
				INFOPLIST_KEY_LSApplicationCategoryType = "public.app-category.productivity";
				INFOPLIST_KEY_UIApplicationSupportsIndirectInputEvents = YES;
				INFOPLIST_KEY_UILaunchStoryboardName = LaunchScreen.storyboard;
				INFOPLIST_KEY_UIStatusBarStyle = UIStatusBarStyleDefault;
				INFOPLIST_KEY_UISupportedInterfaceOrientations = UIInterfaceOrientationPortrait;
				INFOPLIST_KEY_UISupportedInterfaceOrientations_iPad = "UIInterfaceOrientationLandscapeLeft UIInterfaceOrientationLandscapeRight UIInterfaceOrientationPortrait UIInterfaceOrientationPortraitUpsideDown";
				IPHONEOS_DEPLOYMENT_TARGET = 14.0;
				LD_RUNPATH_SEARCH_PATHS = (
					"$(inherited)",
					"@executable_path/Frameworks",
				);
				MARKETING_VERSION = 2.2;
				PRODUCT_BUNDLE_IDENTIFIER = Ramil.Girfanov.SeTime;
				PRODUCT_NAME = "$(TARGET_NAME)";
				PROVISIONING_PROFILE_SPECIFIER = "";
				"PROVISIONING_PROFILE_SPECIFIER[sdk=iphoneos*]" = SeTimeStoreProfile;
				SUPPORTED_PLATFORMS = "iphoneos iphonesimulator";
				SUPPORTS_MACCATALYST = NO;
				SUPPORTS_MAC_DESIGNED_FOR_IPHONE_IPAD = NO;
				SWIFT_EMIT_LOC_STRINGS = YES;
				SWIFT_VERSION = 5.0;
				TARGETED_DEVICE_FAMILY = 1;
			};
			name = Release;
		};
/* End XCBuildConfiguration section */

/* Begin XCConfigurationList section */
		74AC63D52843C6EB00CAE0F5 /* Build configuration list for PBXProject "SeTime" */ = {
			isa = XCConfigurationList;
			buildConfigurations = (
				74AC63EC2843C6EC00CAE0F5 /* Debug */,
				74AC63ED2843C6EC00CAE0F5 /* Release */,
			);
			defaultConfigurationIsVisible = 0;
			defaultConfigurationName = Release;
		};
		74AC63EE2843C6EC00CAE0F5 /* Build configuration list for PBXNativeTarget "SeTime" */ = {
			isa = XCConfigurationList;
			buildConfigurations = (
				74AC63EF2843C6EC00CAE0F5 /* Debug */,
				74AC63F02843C6EC00CAE0F5 /* Release */,
			);
			defaultConfigurationIsVisible = 0;
			defaultConfigurationName = Release;
		};
/* End XCConfigurationList section */

/* Begin XCRemoteSwiftPackageReference section */
		74C8C8D029321A050016F655 /* XCRemoteSwiftPackageReference "realm-swift" */ = {
			isa = XCRemoteSwiftPackageReference;
			repositoryURL = "https://github.com/realm/realm-swift.git";
			requirement = {
				kind = upToNextMajorVersion;
				minimumVersion = 10.32.3;
			};
		};
/* End XCRemoteSwiftPackageReference section */

/* Begin XCSwiftPackageProductDependency section */
		74C8C8D129321A050016F655 /* Realm */ = {
			isa = XCSwiftPackageProductDependency;
			package = 74C8C8D029321A050016F655 /* XCRemoteSwiftPackageReference "realm-swift" */;
			productName = Realm;
		};
		74C8C8D329321A050016F655 /* RealmSwift */ = {
			isa = XCSwiftPackageProductDependency;
			package = 74C8C8D029321A050016F655 /* XCRemoteSwiftPackageReference "realm-swift" */;
			productName = RealmSwift;
		};
/* End XCSwiftPackageProductDependency section */
	};
	rootObject = 74AC63D22843C6EB00CAE0F5 /* Project object */;
}
